// !$*UTF8*$!
{
	archiveVersion = 1;
	classes = {
	};
	objectVersion = 46;
	objects = {

/* Begin PBXBuildFile section */
		2933846F1B611E8900D0B455 /* HLCTableViewCell.m in Sources */ = {isa = PBXBuildFile; fileRef = 2933846E1B611E8900D0B455 /* HLCTableViewCell.m */; };
		2956D9F71B6920A500E34536 /* HLCSettingTableViewCell.m in Sources */ = {isa = PBXBuildFile; fileRef = 2956D9F61B6920A500E34536 /* HLCSettingTableViewCell.m */; };
		2956D9FA1B692A5C00E34536 /* HLCLoanInputTableViewCell.m in Sources */ = {isa = PBXBuildFile; fileRef = 2956D9F91B692A5C00E34536 /* HLCLoanInputTableViewCell.m */; };
		2956D9FD1B692A8E00E34536 /* HLCLoanOutputTableViewCell.m in Sources */ = {isa = PBXBuildFile; fileRef = 2956D9FC1B692A8E00E34536 /* HLCLoanOutputTableViewCell.m */; };
		295B352B1B5DD155006B9A0F /* main.m in Sources */ = {isa = PBXBuildFile; fileRef = 295B352A1B5DD155006B9A0F /* main.m */; };
		295B35341B5DD155006B9A0F /* Main.storyboard in Resources */ = {isa = PBXBuildFile; fileRef = 295B35321B5DD155006B9A0F /* Main.storyboard */; };
		295B35361B5DD155006B9A0F /* Images.xcassets in Resources */ = {isa = PBXBuildFile; fileRef = 295B35351B5DD155006B9A0F /* Images.xcassets */; };
		295B35391B5DD155006B9A0F /* LaunchScreen.xib in Resources */ = {isa = PBXBuildFile; fileRef = 295B35371B5DD155006B9A0F /* LaunchScreen.xib */; };
		295B35451B5DD155006B9A0F /* HouseLoanCalTests.m in Sources */ = {isa = PBXBuildFile; fileRef = 295B35441B5DD155006B9A0F /* HouseLoanCalTests.m */; };
		295B35501B5DD4C2006B9A0F /* HLCAppDelegate.m in Sources */ = {isa = PBXBuildFile; fileRef = 295B354F1B5DD4C2006B9A0F /* HLCAppDelegate.m */; };
		295B35531B5DD84F006B9A0F /* HLCRootViewController.m in Sources */ = {isa = PBXBuildFile; fileRef = 295B35521B5DD84F006B9A0F /* HLCRootViewController.m */; };
		295B355D1B5E1A28006B9A0F /* HLCLoanController.m in Sources */ = {isa = PBXBuildFile; fileRef = 295B355C1B5E1A28006B9A0F /* HLCLoanController.m */; };
		295B35601B5E1A57006B9A0F /* HLCProvidentFundLoanController.m in Sources */ = {isa = PBXBuildFile; fileRef = 295B355F1B5E1A57006B9A0F /* HLCProvidentFundLoanController.m */; };
		295B35631B5E1A74006B9A0F /* HLCCommercialLoanController.m in Sources */ = {isa = PBXBuildFile; fileRef = 295B35621B5E1A74006B9A0F /* HLCCommercialLoanController.m */; };
		295B35661B5E1A87006B9A0F /* HLCMixedLoanController.m in Sources */ = {isa = PBXBuildFile; fileRef = 295B35651B5E1A87006B9A0F /* HLCMixedLoanController.m */; };
		295B35691B5E1B02006B9A0F /* HLCSettingController.m in Sources */ = {isa = PBXBuildFile; fileRef = 295B35681B5E1B02006B9A0F /* HLCSettingController.m */; };
		295B356C1B5E203E006B9A0F /* HLCBaseNavigationController.m in Sources */ = {isa = PBXBuildFile; fileRef = 295B356B1B5E203E006B9A0F /* HLCBaseNavigationController.m */; };
		295B35701B5E29F1006B9A0F /* HLCBaseTableViewController.m in Sources */ = {isa = PBXBuildFile; fileRef = 295B356F1B5E29F1006B9A0F /* HLCBaseTableViewController.m */; };
/* End PBXBuildFile section */

/* Begin PBXContainerItemProxy section */
		295B353F1B5DD155006B9A0F /* PBXContainerItemProxy */ = {
			isa = PBXContainerItemProxy;
			containerPortal = 295B351D1B5DD155006B9A0F /* Project object */;
			proxyType = 1;
			remoteGlobalIDString = 295B35241B5DD155006B9A0F;
			remoteInfo = HouseLoanCal;
		};
/* End PBXContainerItemProxy section */

/* Begin PBXFileReference section */
		2933846D1B611E8900D0B455 /* HLCTableViewCell.h */ = {isa = PBXFileReference; fileEncoding = 4; lastKnownFileType = sourcecode.c.h; name = HLCTableViewCell.h; path = View/HLCTableViewCell.h; sourceTree = "<group>"; };
		2933846E1B611E8900D0B455 /* HLCTableViewCell.m */ = {isa = PBXFileReference; fileEncoding = 4; lastKnownFileType = sourcecode.c.objc; name = HLCTableViewCell.m; path = View/HLCTableViewCell.m; sourceTree = "<group>"; };
		2956D9F51B6920A500E34536 /* HLCSettingTableViewCell.h */ = {isa = PBXFileReference; fileEncoding = 4; lastKnownFileType = sourcecode.c.h; name = HLCSettingTableViewCell.h; path = View/HLCSettingTableViewCell.h; sourceTree = "<group>"; };
		2956D9F61B6920A500E34536 /* HLCSettingTableViewCell.m */ = {isa = PBXFileReference; fileEncoding = 4; lastKnownFileType = sourcecode.c.objc; name = HLCSettingTableViewCell.m; path = View/HLCSettingTableViewCell.m; sourceTree = "<group>"; };
		2956D9F81B692A5C00E34536 /* HLCLoanInputTableViewCell.h */ = {isa = PBXFileReference; fileEncoding = 4; lastKnownFileType = sourcecode.c.h; name = HLCLoanInputTableViewCell.h; path = View/HLCLoanInputTableViewCell.h; sourceTree = "<group>"; };
		2956D9F91B692A5C00E34536 /* HLCLoanInputTableViewCell.m */ = {isa = PBXFileReference; fileEncoding = 4; lastKnownFileType = sourcecode.c.objc; name = HLCLoanInputTableViewCell.m; path = View/HLCLoanInputTableViewCell.m; sourceTree = "<group>"; };
		2956D9FB1B692A8E00E34536 /* HLCLoanOutputTableViewCell.h */ = {isa = PBXFileReference; fileEncoding = 4; lastKnownFileType = sourcecode.c.h; name = HLCLoanOutputTableViewCell.h; path = View/HLCLoanOutputTableViewCell.h; sourceTree = "<group>"; };
		2956D9FC1B692A8E00E34536 /* HLCLoanOutputTableViewCell.m */ = {isa = PBXFileReference; fileEncoding = 4; lastKnownFileType = sourcecode.c.objc; name = HLCLoanOutputTableViewCell.m; path = View/HLCLoanOutputTableViewCell.m; sourceTree = "<group>"; };
		295B35251B5DD155006B9A0F /* HouseLoanCal.app */ = {isa = PBXFileReference; explicitFileType = wrapper.application; includeInIndex = 0; path = HouseLoanCal.app; sourceTree = BUILT_PRODUCTS_DIR; };
		295B35291B5DD155006B9A0F /* Info.plist */ = {isa = PBXFileReference; lastKnownFileType = text.plist.xml; path = Info.plist; sourceTree = "<group>"; };
		295B352A1B5DD155006B9A0F /* main.m */ = {isa = PBXFileReference; lastKnownFileType = sourcecode.c.objc; path = main.m; sourceTree = "<group>"; };
		295B35331B5DD155006B9A0F /* Base */ = {isa = PBXFileReference; lastKnownFileType = file.storyboard; name = Base; path = Base.lproj/Main.storyboard; sourceTree = "<group>"; };
		295B35351B5DD155006B9A0F /* Images.xcassets */ = {isa = PBXFileReference; lastKnownFileType = folder.assetcatalog; path = Images.xcassets; sourceTree = "<group>"; };
		295B35381B5DD155006B9A0F /* Base */ = {isa = PBXFileReference; lastKnownFileType = file.xib; name = Base; path = Base.lproj/LaunchScreen.xib; sourceTree = "<group>"; };
		295B353E1B5DD155006B9A0F /* HouseLoanCalTests.xctest */ = {isa = PBXFileReference; explicitFileType = wrapper.cfbundle; includeInIndex = 0; path = HouseLoanCalTests.xctest; sourceTree = BUILT_PRODUCTS_DIR; };
		295B35431B5DD155006B9A0F /* Info.plist */ = {isa = PBXFileReference; lastKnownFileType = text.plist.xml; path = Info.plist; sourceTree = "<group>"; };
		295B35441B5DD155006B9A0F /* HouseLoanCalTests.m */ = {isa = PBXFileReference; lastKnownFileType = sourcecode.c.objc; path = HouseLoanCalTests.m; sourceTree = "<group>"; };
		295B354E1B5DD4C2006B9A0F /* HLCAppDelegate.h */ = {isa = PBXFileReference; fileEncoding = 4; lastKnownFileType = sourcecode.c.h; path = HLCAppDelegate.h; sourceTree = "<group>"; };
		295B354F1B5DD4C2006B9A0F /* HLCAppDelegate.m */ = {isa = PBXFileReference; fileEncoding = 4; lastKnownFileType = sourcecode.c.objc; path = HLCAppDelegate.m; sourceTree = "<group>"; };
		295B35511B5DD84F006B9A0F /* HLCRootViewController.h */ = {isa = PBXFileReference; fileEncoding = 4; lastKnownFileType = sourcecode.c.h; path = HLCRootViewController.h; sourceTree = "<group>"; };
		295B35521B5DD84F006B9A0F /* HLCRootViewController.m */ = {isa = PBXFileReference; fileEncoding = 4; lastKnownFileType = sourcecode.c.objc; path = HLCRootViewController.m; sourceTree = "<group>"; };
		295B35571B5DE20E006B9A0F /* HLCMacros.h */ = {isa = PBXFileReference; lastKnownFileType = sourcecode.c.h; path = HLCMacros.h; sourceTree = "<group>"; };
		295B355B1B5E1A28006B9A0F /* HLCLoanController.h */ = {isa = PBXFileReference; fileEncoding = 4; lastKnownFileType = sourcecode.c.h; name = HLCLoanController.h; path = Controller/HLCLoanController.h; sourceTree = "<group>"; };
		295B355C1B5E1A28006B9A0F /* HLCLoanController.m */ = {isa = PBXFileReference; fileEncoding = 4; lastKnownFileType = sourcecode.c.objc; name = HLCLoanController.m; path = Controller/HLCLoanController.m; sourceTree = "<group>"; };
		295B355E1B5E1A57006B9A0F /* HLCProvidentFundLoanController.h */ = {isa = PBXFileReference; fileEncoding = 4; lastKnownFileType = sourcecode.c.h; name = HLCProvidentFundLoanController.h; path = Controller/HLCProvidentFundLoanController.h; sourceTree = "<group>"; };
		295B355F1B5E1A57006B9A0F /* HLCProvidentFundLoanController.m */ = {isa = PBXFileReference; fileEncoding = 4; lastKnownFileType = sourcecode.c.objc; name = HLCProvidentFundLoanController.m; path = Controller/HLCProvidentFundLoanController.m; sourceTree = "<group>"; };
		295B35611B5E1A74006B9A0F /* HLCCommercialLoanController.h */ = {isa = PBXFileReference; fileEncoding = 4; lastKnownFileType = sourcecode.c.h; name = HLCCommercialLoanController.h; path = Controller/HLCCommercialLoanController.h; sourceTree = "<group>"; };
		295B35621B5E1A74006B9A0F /* HLCCommercialLoanController.m */ = {isa = PBXFileReference; fileEncoding = 4; lastKnownFileType = sourcecode.c.objc; name = HLCCommercialLoanController.m; path = Controller/HLCCommercialLoanController.m; sourceTree = "<group>"; };
		295B35641B5E1A87006B9A0F /* HLCMixedLoanController.h */ = {isa = PBXFileReference; fileEncoding = 4; lastKnownFileType = sourcecode.c.h; name = HLCMixedLoanController.h; path = Controller/HLCMixedLoanController.h; sourceTree = "<group>"; };
		295B35651B5E1A87006B9A0F /* HLCMixedLoanController.m */ = {isa = PBXFileReference; fileEncoding = 4; lastKnownFileType = sourcecode.c.objc; name = HLCMixedLoanController.m; path = Controller/HLCMixedLoanController.m; sourceTree = "<group>"; };
		295B35671B5E1B02006B9A0F /* HLCSettingController.h */ = {isa = PBXFileReference; fileEncoding = 4; lastKnownFileType = sourcecode.c.h; name = HLCSettingController.h; path = Controller/HLCSettingController.h; sourceTree = "<group>"; };
		295B35681B5E1B02006B9A0F /* HLCSettingController.m */ = {isa = PBXFileReference; fileEncoding = 4; lastKnownFileType = sourcecode.c.objc; name = HLCSettingController.m; path = Controller/HLCSettingController.m; sourceTree = "<group>"; };
		295B356A1B5E203E006B9A0F /* HLCBaseNavigationController.h */ = {isa = PBXFileReference; fileEncoding = 4; lastKnownFileType = sourcecode.c.h; name = HLCBaseNavigationController.h; path = Controller/HLCBaseNavigationController.h; sourceTree = "<group>"; };
		295B356B1B5E203E006B9A0F /* HLCBaseNavigationController.m */ = {isa = PBXFileReference; fileEncoding = 4; lastKnownFileType = sourcecode.c.objc; name = HLCBaseNavigationController.m; path = Controller/HLCBaseNavigationController.m; sourceTree = "<group>"; };
		295B356E1B5E29F1006B9A0F /* HLCBaseTableViewController.h */ = {isa = PBXFileReference; fileEncoding = 4; lastKnownFileType = sourcecode.c.h; name = HLCBaseTableViewController.h; path = Controller/HLCBaseTableViewController.h; sourceTree = "<group>"; };
		295B356F1B5E29F1006B9A0F /* HLCBaseTableViewController.m */ = {isa = PBXFileReference; fileEncoding = 4; lastKnownFileType = sourcecode.c.objc; name = HLCBaseTableViewController.m; path = Controller/HLCBaseTableViewController.m; sourceTree = "<group>"; };
/* End PBXFileReference section */

/* Begin PBXFrameworksBuildPhase section */
		295B35221B5DD155006B9A0F /* Frameworks */ = {
			isa = PBXFrameworksBuildPhase;
			buildActionMask = 2147483647;
			files = (
			);
			runOnlyForDeploymentPostprocessing = 0;
		};
		295B353B1B5DD155006B9A0F /* Frameworks */ = {
			isa = PBXFrameworksBuildPhase;
			buildActionMask = 2147483647;
			files = (
			);
			runOnlyForDeploymentPostprocessing = 0;
		};
/* End PBXFrameworksBuildPhase section */

/* Begin PBXGroup section */
		295B351C1B5DD155006B9A0F = {
			isa = PBXGroup;
			children = (
				295B35271B5DD155006B9A0F /* HouseLoanCal */,
				295B35411B5DD155006B9A0F /* HouseLoanCalTests */,
				295B35261B5DD155006B9A0F /* Products */,
			);
			sourceTree = "<group>";
		};
		295B35261B5DD155006B9A0F /* Products */ = {
			isa = PBXGroup;
			children = (
				295B35251B5DD155006B9A0F /* HouseLoanCal.app */,
				295B353E1B5DD155006B9A0F /* HouseLoanCalTests.xctest */,
			);
			name = Products;
			sourceTree = "<group>";
		};
		295B35271B5DD155006B9A0F /* HouseLoanCal */ = {
			isa = PBXGroup;
			children = (
				295B356D1B5E27A6006B9A0F /* Category */,
				295B35561B5DDB0F006B9A0F /* Controller */,
				295B35551B5DDB08006B9A0F /* Model */,
				295B35541B5DDAFF006B9A0F /* View */,
				295B354E1B5DD4C2006B9A0F /* HLCAppDelegate.h */,
				295B354F1B5DD4C2006B9A0F /* HLCAppDelegate.m */,
				295B35511B5DD84F006B9A0F /* HLCRootViewController.h */,
				295B35521B5DD84F006B9A0F /* HLCRootViewController.m */,
				295B35571B5DE20E006B9A0F /* HLCMacros.h */,
				295B35321B5DD155006B9A0F /* Main.storyboard */,
				295B35351B5DD155006B9A0F /* Images.xcassets */,
				295B35371B5DD155006B9A0F /* LaunchScreen.xib */,
				295B35281B5DD155006B9A0F /* Supporting Files */,
			);
			path = HouseLoanCal;
			sourceTree = "<group>";
		};
		295B35281B5DD155006B9A0F /* Supporting Files */ = {
			isa = PBXGroup;
			children = (
				295B35291B5DD155006B9A0F /* Info.plist */,
				295B352A1B5DD155006B9A0F /* main.m */,
			);
			name = "Supporting Files";
			sourceTree = "<group>";
		};
		295B35411B5DD155006B9A0F /* HouseLoanCalTests */ = {
			isa = PBXGroup;
			children = (
				295B35441B5DD155006B9A0F /* HouseLoanCalTests.m */,
				295B35421B5DD155006B9A0F /* Supporting Files */,
			);
			path = HouseLoanCalTests;
			sourceTree = "<group>";
		};
		295B35421B5DD155006B9A0F /* Supporting Files */ = {
			isa = PBXGroup;
			children = (
				295B35431B5DD155006B9A0F /* Info.plist */,
			);
			name = "Supporting Files";
			sourceTree = "<group>";
		};
		295B35541B5DDAFF006B9A0F /* View */ = {
			isa = PBXGroup;
			children = (
				2933846D1B611E8900D0B455 /* HLCTableViewCell.h */,
				2933846E1B611E8900D0B455 /* HLCTableViewCell.m */,
				2956D9F51B6920A500E34536 /* HLCSettingTableViewCell.h */,
				2956D9F61B6920A500E34536 /* HLCSettingTableViewCell.m */,
				2956D9F81B692A5C00E34536 /* HLCLoanInputTableViewCell.h */,
				2956D9F91B692A5C00E34536 /* HLCLoanInputTableViewCell.m */,
				2956D9FB1B692A8E00E34536 /* HLCLoanOutputTableViewCell.h */,
				2956D9FC1B692A8E00E34536 /* HLCLoanOutputTableViewCell.m */,
			);
			name = View;
			sourceTree = "<group>";
		};
		295B35551B5DDB08006B9A0F /* Model */ = {
			isa = PBXGroup;
			children = (
			);
			name = Model;
			sourceTree = "<group>";
		};
		295B35561B5DDB0F006B9A0F /* Controller */ = {
			isa = PBXGroup;
			children = (
				295B356E1B5E29F1006B9A0F /* HLCBaseTableViewController.h */,
				295B356F1B5E29F1006B9A0F /* HLCBaseTableViewController.m */,
				295B356A1B5E203E006B9A0F /* HLCBaseNavigationController.h */,
				295B356B1B5E203E006B9A0F /* HLCBaseNavigationController.m */,
				295B355B1B5E1A28006B9A0F /* HLCLoanController.h */,
				295B355C1B5E1A28006B9A0F /* HLCLoanController.m */,
				295B355E1B5E1A57006B9A0F /* HLCProvidentFundLoanController.h */,
				295B355F1B5E1A57006B9A0F /* HLCProvidentFundLoanController.m */,
				295B35611B5E1A74006B9A0F /* HLCCommercialLoanController.h */,
				295B35621B5E1A74006B9A0F /* HLCCommercialLoanController.m */,
				295B35641B5E1A87006B9A0F /* HLCMixedLoanController.h */,
				295B35651B5E1A87006B9A0F /* HLCMixedLoanController.m */,
				295B35671B5E1B02006B9A0F /* HLCSettingController.h */,
				295B35681B5E1B02006B9A0F /* HLCSettingController.m */,
			);
			name = Controller;
			sourceTree = "<group>";
		};
		295B356D1B5E27A6006B9A0F /* Category */ = {
			isa = PBXGroup;
			children = (
			);
			name = Category;
			sourceTree = "<group>";
		};
/* End PBXGroup section */

/* Begin PBXNativeTarget section */
		295B35241B5DD155006B9A0F /* HouseLoanCal */ = {
			isa = PBXNativeTarget;
			buildConfigurationList = 295B35481B5DD155006B9A0F /* Build configuration list for PBXNativeTarget "HouseLoanCal" */;
			buildPhases = (
				295B35211B5DD155006B9A0F /* Sources */,
				295B35221B5DD155006B9A0F /* Frameworks */,
				295B35231B5DD155006B9A0F /* Resources */,
			);
			buildRules = (
			);
			dependencies = (
			);
			name = HouseLoanCal;
			productName = HouseLoanCal;
			productReference = 295B35251B5DD155006B9A0F /* HouseLoanCal.app */;
			productType = "com.apple.product-type.application";
		};
		295B353D1B5DD155006B9A0F /* HouseLoanCalTests */ = {
			isa = PBXNativeTarget;
			buildConfigurationList = 295B354B1B5DD155006B9A0F /* Build configuration list for PBXNativeTarget "HouseLoanCalTests" */;
			buildPhases = (
				295B353A1B5DD155006B9A0F /* Sources */,
				295B353B1B5DD155006B9A0F /* Frameworks */,
				295B353C1B5DD155006B9A0F /* Resources */,
			);
			buildRules = (
			);
			dependencies = (
				295B35401B5DD155006B9A0F /* PBXTargetDependency */,
			);
			name = HouseLoanCalTests;
			productName = HouseLoanCalTests;
			productReference = 295B353E1B5DD155006B9A0F /* HouseLoanCalTests.xctest */;
			productType = "com.apple.product-type.bundle.unit-test";
		};
/* End PBXNativeTarget section */

/* Begin PBXProject section */
		295B351D1B5DD155006B9A0F /* Project object */ = {
			isa = PBXProject;
			attributes = {
				LastUpgradeCheck = 0640;
				ORGANIZATIONNAME = xuyang;
				TargetAttributes = {
					295B35241B5DD155006B9A0F = {
						CreatedOnToolsVersion = 6.4;
					};
					295B353D1B5DD155006B9A0F = {
						CreatedOnToolsVersion = 6.4;
						TestTargetID = 295B35241B5DD155006B9A0F;
					};
				};
			};
			buildConfigurationList = 295B35201B5DD155006B9A0F /* Build configuration list for PBXProject "HouseLoanCal" */;
			compatibilityVersion = "Xcode 3.2";
			developmentRegion = English;
			hasScannedForEncodings = 0;
			knownRegions = (
				en,
				Base,
			);
			mainGroup = 295B351C1B5DD155006B9A0F;
			productRefGroup = 295B35261B5DD155006B9A0F /* Products */;
			projectDirPath = "";
			projectRoot = "";
			targets = (
				295B35241B5DD155006B9A0F /* HouseLoanCal */,
				295B353D1B5DD155006B9A0F /* HouseLoanCalTests */,
			);
		};
/* End PBXProject section */

/* Begin PBXResourcesBuildPhase section */
		295B35231B5DD155006B9A0F /* Resources */ = {
			isa = PBXResourcesBuildPhase;
			buildActionMask = 2147483647;
			files = (
				295B35341B5DD155006B9A0F /* Main.storyboard in Resources */,
				295B35391B5DD155006B9A0F /* LaunchScreen.xib in Resources */,
				295B35361B5DD155006B9A0F /* Images.xcassets in Resources */,
			);
			runOnlyForDeploymentPostprocessing = 0;
		};
		295B353C1B5DD155006B9A0F /* Resources */ = {
			isa = PBXResourcesBuildPhase;
			buildActionMask = 2147483647;
			files = (
			);
			runOnlyForDeploymentPostprocessing = 0;
		};
/* End PBXResourcesBuildPhase section */

/* Begin PBXSourcesBuildPhase section */
		295B35211B5DD155006B9A0F /* Sources */ = {
			isa = PBXSourcesBuildPhase;
			buildActionMask = 2147483647;
			files = (
				2956D9FA1B692A5C00E34536 /* HLCLoanInputTableViewCell.m in Sources */,
				295B35701B5E29F1006B9A0F /* HLCBaseTableViewController.m in Sources */,
				295B355D1B5E1A28006B9A0F /* HLCLoanController.m in Sources */,
				295B35531B5DD84F006B9A0F /* HLCRootViewController.m in Sources */,
				2933846F1B611E8900D0B455 /* HLCTableViewCell.m in Sources */,
				295B35501B5DD4C2006B9A0F /* HLCAppDelegate.m in Sources */,
				295B35601B5E1A57006B9A0F /* HLCProvidentFundLoanController.m in Sources */,
				295B352B1B5DD155006B9A0F /* main.m in Sources */,
				295B356C1B5E203E006B9A0F /* HLCBaseNavigationController.m in Sources */,
				295B35631B5E1A74006B9A0F /* HLCCommercialLoanController.m in Sources */,
				295B35661B5E1A87006B9A0F /* HLCMixedLoanController.m in Sources */,
				295B35691B5E1B02006B9A0F /* HLCSettingController.m in Sources */,
				2956D9FD1B692A8E00E34536 /* HLCLoanOutputTableViewCell.m in Sources */,
				2956D9F71B6920A500E34536 /* HLCSettingTableViewCell.m in Sources */,
			);
			runOnlyForDeploymentPostprocessing = 0;
		};
		295B353A1B5DD155006B9A0F /* Sources */ = {
			isa = PBXSourcesBuildPhase;
			buildActionMask = 2147483647;
			files = (
				295B35451B5DD155006B9A0F /* HouseLoanCalTests.m in Sources */,
			);
			runOnlyForDeploymentPostprocessing = 0;
		};
/* End PBXSourcesBuildPhase section */

/* Begin PBXTargetDependency section */
		295B35401B5DD155006B9A0F /* PBXTargetDependency */ = {
			isa = PBXTargetDependency;
			target = 295B35241B5DD155006B9A0F /* HouseLoanCal */;
			targetProxy = 295B353F1B5DD155006B9A0F /* PBXContainerItemProxy */;
		};
/* End PBXTargetDependency section */

/* Begin PBXVariantGroup section */
		295B35321B5DD155006B9A0F /* Main.storyboard */ = {
			isa = PBXVariantGroup;
			children = (
				295B35331B5DD155006B9A0F /* Base */,
			);
			name = Main.storyboard;
			sourceTree = "<group>";
		};
		295B35371B5DD155006B9A0F /* LaunchScreen.xib */ = {
			isa = PBXVariantGroup;
			children = (
				295B35381B5DD155006B9A0F /* Base */,
			);
			name = LaunchScreen.xib;
			sourceTree = "<group>";
		};
/* End PBXVariantGroup section */

/* Begin XCBuildConfiguration section */
		295B35461B5DD155006B9A0F /* Debug */ = {
			isa = XCBuildConfiguration;
			buildSettings = {
				ALWAYS_SEARCH_USER_PATHS = NO;
				CLANG_CXX_LANGUAGE_STANDARD = "gnu++0x";
				CLANG_CXX_LIBRARY = "libc++";
				CLANG_ENABLE_MODULES = YES;
				CLANG_ENABLE_OBJC_ARC = YES;
				CLANG_WARN_BOOL_CONVERSION = YES;
				CLANG_WARN_CONSTANT_CONVERSION = YES;
				CLANG_WARN_DIRECT_OBJC_ISA_USAGE = YES_ERROR;
				CLANG_WARN_EMPTY_BODY = YES;
				CLANG_WARN_ENUM_CONVERSION = YES;
				CLANG_WARN_INT_CONVERSION = YES;
				CLANG_WARN_OBJC_ROOT_CLASS = YES_ERROR;
				CLANG_WARN_UNREACHABLE_CODE = YES;
				CLANG_WARN__DUPLICATE_METHOD_MATCH = YES;
				"CODE_SIGN_IDENTITY[sdk=iphoneos*]" = "iPhone Developer";
				COPY_PHASE_STRIP = NO;
				DEBUG_INFORMATION_FORMAT = "dwarf-with-dsym";
				ENABLE_STRICT_OBJC_MSGSEND = YES;
				GCC_C_LANGUAGE_STANDARD = gnu99;
				GCC_DYNAMIC_NO_PIC = NO;
				GCC_NO_COMMON_BLOCKS = YES;
				GCC_OPTIMIZATION_LEVEL = 0;
				GCC_PREPROCESSOR_DEFINITIONS = (
					"DEBUG=1",
					"$(inherited)",
				);
				GCC_SYMBOLS_PRIVATE_EXTERN = NO;
				GCC_WARN_64_TO_32_BIT_CONVERSION = YES;
				GCC_WARN_ABOUT_RETURN_TYPE = YES_ERROR;
				GCC_WARN_UNDECLARED_SELECTOR = YES;
				GCC_WARN_UNINITIALIZED_AUTOS = YES_AGGRESSIVE;
				GCC_WARN_UNUSED_FUNCTION = YES;
				GCC_WARN_UNUSED_VARIABLE = YES;
				IPHONEOS_DEPLOYMENT_TARGET = 8.4;
				MTL_ENABLE_DEBUG_INFO = YES;
				ONLY_ACTIVE_ARCH = YES;
				SDKROOT = iphoneos;
			};
			name = Debug;
		};
		295B35471B5DD155006B9A0F /* Release */ = {
			isa = XCBuildConfiguration;
			buildSettings = {
				ALWAYS_SEARCH_USER_PATHS = NO;
				CLANG_CXX_LANGUAGE_STANDARD = "gnu++0x";
				CLANG_CXX_LIBRARY = "libc++";
				CLANG_ENABLE_MODULES = YES;
				CLANG_ENABLE_OBJC_ARC = YES;
				CLANG_WARN_BOOL_CONVERSION = YES;
				CLANG_WARN_CONSTANT_CONVERSION = YES;
				CLANG_WARN_DIRECT_OBJC_ISA_USAGE = YES_ERROR;
				CLANG_WARN_EMPTY_BODY = YES;
				CLANG_WARN_ENUM_CONVERSION = YES;
				CLANG_WARN_INT_CONVERSION = YES;
				CLANG_WARN_OBJC_ROOT_CLASS = YES_ERROR;
				CLANG_WARN_UNREACHABLE_CODE = YES;
				CLANG_WARN__DUPLICATE_METHOD_MATCH = YES;
				"CODE_SIGN_IDENTITY[sdk=iphoneos*]" = "iPhone Developer";
				COPY_PHASE_STRIP = NO;
				DEBUG_INFORMATION_FORMAT = "dwarf-with-dsym";
				ENABLE_NS_ASSERTIONS = NO;
				ENABLE_STRICT_OBJC_MSGSEND = YES;
				GCC_C_LANGUAGE_STANDARD = gnu99;
				GCC_NO_COMMON_BLOCKS = YES;
				GCC_WARN_64_TO_32_BIT_CONVERSION = YES;
				GCC_WARN_ABOUT_RETURN_TYPE = YES_ERROR;
				GCC_WARN_UNDECLARED_SELECTOR = YES;
				GCC_WARN_UNINITIALIZED_AUTOS = YES_AGGRESSIVE;
				GCC_WARN_UNUSED_FUNCTION = YES;
				GCC_WARN_UNUSED_VARIABLE = YES;
				IPHONEOS_DEPLOYMENT_TARGET = 8.4;
				MTL_ENABLE_DEBUG_INFO = NO;
				SDKROOT = iphoneos;
				VALIDATE_PRODUCT = YES;
			};
			name = Release;
		};
		295B35491B5DD155006B9A0F /* Debug */ = {
			isa = XCBuildConfiguration;
			buildSettings = {
				ASSETCATALOG_COMPILER_APPICON_NAME = AppIcon;
				INFOPLIST_FILE = HouseLoanCal/Info.plist;
				LD_RUNPATH_SEARCH_PATHS = "$(inherited) @executable_path/Frameworks";
				PRODUCT_NAME = "$(TARGET_NAME)";
			};
			name = Debug;
		};
		295B354A1B5DD155006B9A0F /* Release */ = {
			isa = XCBuildConfiguration;
			buildSettings = {
				ASSETCATALOG_COMPILER_APPICON_NAME = AppIcon;
				INFOPLIST_FILE = HouseLoanCal/Info.plist;
				LD_RUNPATH_SEARCH_PATHS = "$(inherited) @executable_path/Frameworks";
				PRODUCT_NAME = "$(TARGET_NAME)";
			};
			name = Release;
		};
		295B354C1B5DD155006B9A0F /* Debug */ = {
			isa = XCBuildConfiguration;
			buildSettings = {
				BUNDLE_LOADER = "$(TEST_HOST)";
				FRAMEWORK_SEARCH_PATHS = (
					"$(SDKROOT)/Developer/Library/Frameworks",
					"$(inherited)",
				);
				GCC_PREPROCESSOR_DEFINITIONS = (
					"DEBUG=1",
					"$(inherited)",
				);
				INFOPLIST_FILE = HouseLoanCalTests/Info.plist;
				LD_RUNPATH_SEARCH_PATHS = "$(inherited) @executable_path/Frameworks @loader_path/Frameworks";
				PRODUCT_NAME = "$(TARGET_NAME)";
				TEST_HOST = "$(BUILT_PRODUCTS_DIR)/HouseLoanCal.app/HouseLoanCal";
			};
			name = Debug;
		};
		295B354D1B5DD155006B9A0F /* Release */ = {
			isa = XCBuildConfiguration;
			buildSettings = {
				BUNDLE_LOADER = "$(TEST_HOST)";
				FRAMEWORK_SEARCH_PATHS = (
					"$(SDKROOT)/Developer/Library/Frameworks",
					"$(inherited)",
				);
				INFOPLIST_FILE = HouseLoanCalTests/Info.plist;
				LD_RUNPATH_SEARCH_PATHS = "$(inherited) @executable_path/Frameworks @loader_path/Frameworks";
				PRODUCT_NAME = "$(TARGET_NAME)";
				TEST_HOST = "$(BUILT_PRODUCTS_DIR)/HouseLoanCal.app/HouseLoanCal";
			};
			name = Release;
		};
/* End XCBuildConfiguration section */

/* Begin XCConfigurationList section */
		295B35201B5DD155006B9A0F /* Build configuration list for PBXProject "HouseLoanCal" */ = {
			isa = XCConfigurationList;
			buildConfigurations = (
				295B35461B5DD155006B9A0F /* Debug */,
				295B35471B5DD155006B9A0F /* Release */,
			);
			defaultConfigurationIsVisible = 0;
			defaultConfigurationName = Release;
		};
		295B35481B5DD155006B9A0F /* Build configuration list for PBXNativeTarget "HouseLoanCal" */ = {
			isa = XCConfigurationList;
			buildConfigurations = (
				295B35491B5DD155006B9A0F /* Debug */,
				295B354A1B5DD155006B9A0F /* Release */,
			);
			defaultConfigurationIsVisible = 0;
			defaultConfigurationName = Release;
		};
		295B354B1B5DD155006B9A0F /* Build configuration list for PBXNativeTarget "HouseLoanCalTests" */ = {
			isa = XCConfigurationList;
			buildConfigurations = (
				295B354C1B5DD155006B9A0F /* Debug */,
				295B354D1B5DD155006B9A0F /* Release */,
			);
			defaultConfigurationIsVisible = 0;
			defaultConfigurationName = Release;
		};
/* End XCConfigurationList section */
	};
	rootObject = 295B351D1B5DD155006B9A0F /* Project object */;
}
