// !$*UTF8*$!
{
	archiveVersion = 1;
	classes = {
	};
	objectVersion = 47;
	objects = {

/* Begin PBXBuildFile section */
		2902B15C1B78934F0027D13E /* HLCTextField.m in Sources */ = {isa = PBXBuildFile; fileRef = 2902B15B1B78934F0027D13E /* HLCTextField.m */; };
		291272E41B7DB81B00679251 /* HLCLoanModel.m in Sources */ = {isa = PBXBuildFile; fileRef = 291272E31B7DB81B00679251 /* HLCLoanModel.m */; };
		2933846F1B611E8900D0B455 /* HLCTableViewCell.m in Sources */ = {isa = PBXBuildFile; fileRef = 2933846E1B611E8900D0B455 /* HLCTableViewCell.m */; };
		293DE43D1BB96B5C00E5FAEE /* ImageIO.framework in Frameworks */ = {isa = PBXBuildFile; fileRef = 293DE43C1BB96B5C00E5FAEE /* ImageIO.framework */; };
		293DE4631BB9848700E5FAEE /* libSocialSinaSSO.a in Frameworks */ = {isa = PBXBuildFile; fileRef = 293DE4561BB9848700E5FAEE /* libSocialSinaSSO.a */; settings = {ASSET_TAGS = (); }; };
		293DE4641BB9848700E5FAEE /* libWeiboSDK.a in Frameworks */ = {isa = PBXBuildFile; fileRef = 293DE4571BB9848700E5FAEE /* libWeiboSDK.a */; settings = {ASSET_TAGS = (); }; };
		293DE4651BB9848700E5FAEE /* WeiboSDK.bundle in Resources */ = {isa = PBXBuildFile; fileRef = 293DE4601BB9848700E5FAEE /* WeiboSDK.bundle */; settings = {ASSET_TAGS = (); }; };
		293DE4741BB9850000E5FAEE /* libSocialSinaSSO.a in Frameworks */ = {isa = PBXBuildFile; fileRef = 293DE4671BB9850000E5FAEE /* libSocialSinaSSO.a */; settings = {ASSET_TAGS = (); }; };
		293DE4751BB9850000E5FAEE /* libWeiboSDK.a in Frameworks */ = {isa = PBXBuildFile; fileRef = 293DE4681BB9850000E5FAEE /* libWeiboSDK.a */; settings = {ASSET_TAGS = (); }; };
		293DE4761BB9850000E5FAEE /* WeiboSDK.bundle in Resources */ = {isa = PBXBuildFile; fileRef = 293DE4711BB9850000E5FAEE /* WeiboSDK.bundle */; settings = {ASSET_TAGS = (); }; };
		2956D9F71B6920A500E34536 /* HLCSettingTableViewCell.m in Sources */ = {isa = PBXBuildFile; fileRef = 2956D9F61B6920A500E34536 /* HLCSettingTableViewCell.m */; };
		2956D9FA1B692A5C00E34536 /* HLCLoanInputTableViewCell.m in Sources */ = {isa = PBXBuildFile; fileRef = 2956D9F91B692A5C00E34536 /* HLCLoanInputTableViewCell.m */; };
		2956D9FD1B692A8E00E34536 /* HLCLoanOutputTableViewCell.m in Sources */ = {isa = PBXBuildFile; fileRef = 2956D9FC1B692A8E00E34536 /* HLCLoanOutputTableViewCell.m */; };
		295B352B1B5DD155006B9A0F /* main.m in Sources */ = {isa = PBXBuildFile; fileRef = 295B352A1B5DD155006B9A0F /* main.m */; };
		295B35341B5DD155006B9A0F /* Main.storyboard in Resources */ = {isa = PBXBuildFile; fileRef = 295B35321B5DD155006B9A0F /* Main.storyboard */; };
		295B35361B5DD155006B9A0F /* Images.xcassets in Resources */ = {isa = PBXBuildFile; fileRef = 295B35351B5DD155006B9A0F /* Images.xcassets */; };
		295B35451B5DD155006B9A0F /* HouseLoanCalTests.m in Sources */ = {isa = PBXBuildFile; fileRef = 295B35441B5DD155006B9A0F /* HouseLoanCalTests.m */; };
		295B35501B5DD4C2006B9A0F /* HLCAppDelegate.m in Sources */ = {isa = PBXBuildFile; fileRef = 295B354F1B5DD4C2006B9A0F /* HLCAppDelegate.m */; };
		295B35531B5DD84F006B9A0F /* HLCRootViewController.m in Sources */ = {isa = PBXBuildFile; fileRef = 295B35521B5DD84F006B9A0F /* HLCRootViewController.m */; };
		295B355D1B5E1A28006B9A0F /* HLCLoanController.m in Sources */ = {isa = PBXBuildFile; fileRef = 295B355C1B5E1A28006B9A0F /* HLCLoanController.m */; };
		295B35601B5E1A57006B9A0F /* HLCProvidentFundLoanController.m in Sources */ = {isa = PBXBuildFile; fileRef = 295B355F1B5E1A57006B9A0F /* HLCProvidentFundLoanController.m */; };
		295B35631B5E1A74006B9A0F /* HLCCommercialLoanController.m in Sources */ = {isa = PBXBuildFile; fileRef = 295B35621B5E1A74006B9A0F /* HLCCommercialLoanController.m */; };
		295B35661B5E1A87006B9A0F /* HLCMixedLoanController.m in Sources */ = {isa = PBXBuildFile; fileRef = 295B35651B5E1A87006B9A0F /* HLCMixedLoanController.m */; };
		295B35691B5E1B02006B9A0F /* HLCSettingController.m in Sources */ = {isa = PBXBuildFile; fileRef = 295B35681B5E1B02006B9A0F /* HLCSettingController.m */; };
		295B356C1B5E203E006B9A0F /* HLCBaseNavigationController.m in Sources */ = {isa = PBXBuildFile; fileRef = 295B356B1B5E203E006B9A0F /* HLCBaseNavigationController.m */; };
		295B35701B5E29F1006B9A0F /* HLCBaseTableViewController.m in Sources */ = {isa = PBXBuildFile; fileRef = 295B356F1B5E29F1006B9A0F /* HLCBaseTableViewController.m */; };
		298F166F1BB510AA00C73A6C /* libSocialWechat.a in Frameworks */ = {isa = PBXBuildFile; fileRef = 298F166A1BB510AA00C73A6C /* libSocialWechat.a */; settings = {ASSET_TAGS = (); }; };
		298F16701BB510AA00C73A6C /* libWeChatSDK.a in Frameworks */ = {isa = PBXBuildFile; fileRef = 298F166B1BB510AA00C73A6C /* libWeChatSDK.a */; settings = {ASSET_TAGS = (); }; };
		298F16721BB5156300C73A6C /* libsqlite3.tbd in Frameworks */ = {isa = PBXBuildFile; fileRef = 298F16711BB5156300C73A6C /* libsqlite3.tbd */; };
		298F16741BB5158900C73A6C /* libc++.tbd in Frameworks */ = {isa = PBXBuildFile; fileRef = 298F16731BB5158900C73A6C /* libc++.tbd */; };
		29DAEE411BB2F13B00E7F82B /* libz.tbd in Frameworks */ = {isa = PBXBuildFile; fileRef = 29DAEE401BB2F13B00E7F82B /* libz.tbd */; };
		29DAEE4C1BB3AD2300E7F82B /* libMobClickLibrary.a in Frameworks */ = {isa = PBXBuildFile; fileRef = 29DAEE491BB3AD2300E7F82B /* libMobClickLibrary.a */; settings = {ASSET_TAGS = (); }; };
		29DAEE681BB3AD3700E7F82B /* UMSocialLocalizable.strings in Resources */ = {isa = PBXBuildFile; fileRef = 29DAEE4E1BB3AD3700E7F82B /* UMSocialLocalizable.strings */; settings = {ASSET_TAGS = (); }; };
		29DAEE691BB3AD3700E7F82B /* libUMSocial_Sdk_4.2.3.a in Frameworks */ = {isa = PBXBuildFile; fileRef = 29DAEE5C1BB3AD3700E7F82B /* libUMSocial_Sdk_4.2.3.a */; settings = {ASSET_TAGS = (); }; };
		29DAEE6A1BB3AD3700E7F82B /* UMSCommentDetailController.xib in Resources */ = {isa = PBXBuildFile; fileRef = 29DAEE5E1BB3AD3700E7F82B /* UMSCommentDetailController.xib */; settings = {ASSET_TAGS = (); }; };
		29DAEE6B1BB3AD3700E7F82B /* UMSCommentInputController.xib in Resources */ = {isa = PBXBuildFile; fileRef = 29DAEE5F1BB3AD3700E7F82B /* UMSCommentInputController.xib */; settings = {ASSET_TAGS = (); }; };
		29DAEE6C1BB3AD3700E7F82B /* UMSCommentInputControlleriPad.xib in Resources */ = {isa = PBXBuildFile; fileRef = 29DAEE601BB3AD3700E7F82B /* UMSCommentInputControlleriPad.xib */; settings = {ASSET_TAGS = (); }; };
		29DAEE6D1BB3AD3700E7F82B /* UMShareEditViewController.xib in Resources */ = {isa = PBXBuildFile; fileRef = 29DAEE611BB3AD3700E7F82B /* UMShareEditViewController.xib */; settings = {ASSET_TAGS = (); }; };
		29DAEE6E1BB3AD3700E7F82B /* UMShareEditViewControlleriPad.xib in Resources */ = {isa = PBXBuildFile; fileRef = 29DAEE621BB3AD3700E7F82B /* UMShareEditViewControlleriPad.xib */; settings = {ASSET_TAGS = (); }; };
		29DAEE6F1BB3AD3700E7F82B /* UMSLoginViewController.xib in Resources */ = {isa = PBXBuildFile; fileRef = 29DAEE631BB3AD3700E7F82B /* UMSLoginViewController.xib */; settings = {ASSET_TAGS = (); }; };
		29DAEE701BB3AD3700E7F82B /* UMSnsAccountViewController.xib in Resources */ = {isa = PBXBuildFile; fileRef = 29DAEE641BB3AD3700E7F82B /* UMSnsAccountViewController.xib */; settings = {ASSET_TAGS = (); }; };
		29DAEE711BB3AD3700E7F82B /* UMSShareListController.xib in Resources */ = {isa = PBXBuildFile; fileRef = 29DAEE651BB3AD3700E7F82B /* UMSShareListController.xib */; settings = {ASSET_TAGS = (); }; };
		29DAEE721BB3AD3700E7F82B /* UMSocialSDKResourcesNew.bundle in Resources */ = {isa = PBXBuildFile; fileRef = 29DAEE661BB3AD3700E7F82B /* UMSocialSDKResourcesNew.bundle */; settings = {ASSET_TAGS = (); }; };
		29DAEE751BB3CEFF00E7F82B /* SystemConfiguration.framework in Frameworks */ = {isa = PBXBuildFile; fileRef = 29DAEE741BB3CEFF00E7F82B /* SystemConfiguration.framework */; };
/* End PBXBuildFile section */

/* Begin PBXContainerItemProxy section */
		295B353F1B5DD155006B9A0F /* PBXContainerItemProxy */ = {
			isa = PBXContainerItemProxy;
			containerPortal = 295B351D1B5DD155006B9A0F /* Project object */;
			proxyType = 1;
			remoteGlobalIDString = 295B35241B5DD155006B9A0F;
			remoteInfo = HouseLoanCal;
		};
/* End PBXContainerItemProxy section */

/* Begin PBXFileReference section */
		2902B15A1B78934F0027D13E /* HLCTextField.h */ = {isa = PBXFileReference; fileEncoding = 4; lastKnownFileType = sourcecode.c.h; name = HLCTextField.h; path = View/HLCTextField.h; sourceTree = "<group>"; };
		2902B15B1B78934F0027D13E /* HLCTextField.m */ = {isa = PBXFileReference; fileEncoding = 4; lastKnownFileType = sourcecode.c.objc; name = HLCTextField.m; path = View/HLCTextField.m; sourceTree = "<group>"; };
		291272E21B7DB81B00679251 /* HLCLoanModel.h */ = {isa = PBXFileReference; fileEncoding = 4; lastKnownFileType = sourcecode.c.h; name = HLCLoanModel.h; path = Model/HLCLoanModel.h; sourceTree = "<group>"; };
		291272E31B7DB81B00679251 /* HLCLoanModel.m */ = {isa = PBXFileReference; fileEncoding = 4; lastKnownFileType = sourcecode.c.objc; name = HLCLoanModel.m; path = Model/HLCLoanModel.m; sourceTree = "<group>"; };
		2933846D1B611E8900D0B455 /* HLCTableViewCell.h */ = {isa = PBXFileReference; fileEncoding = 4; lastKnownFileType = sourcecode.c.h; name = HLCTableViewCell.h; path = View/HLCTableViewCell.h; sourceTree = "<group>"; };
		2933846E1B611E8900D0B455 /* HLCTableViewCell.m */ = {isa = PBXFileReference; fileEncoding = 4; lastKnownFileType = sourcecode.c.objc; name = HLCTableViewCell.m; path = View/HLCTableViewCell.m; sourceTree = "<group>"; };
		293DE43C1BB96B5C00E5FAEE /* ImageIO.framework */ = {isa = PBXFileReference; lastKnownFileType = wrapper.framework; name = ImageIO.framework; path = System/Library/Frameworks/ImageIO.framework; sourceTree = SDKROOT; };
		293DE4561BB9848700E5FAEE /* libSocialSinaSSO.a */ = {isa = PBXFileReference; lastKnownFileType = archive.ar; path = libSocialSinaSSO.a; sourceTree = "<group>"; };
		293DE4571BB9848700E5FAEE /* libWeiboSDK.a */ = {isa = PBXFileReference; lastKnownFileType = archive.ar; path = libWeiboSDK.a; sourceTree = "<group>"; };
		293DE4581BB9848700E5FAEE /* UMSocialSinaSSOHandler.h */ = {isa = PBXFileReference; fileEncoding = 4; lastKnownFileType = sourcecode.c.h; path = UMSocialSinaSSOHandler.h; sourceTree = "<group>"; };
		293DE4591BB9848700E5FAEE /* WBHttpRequest+WeiboShare.h */ = {isa = PBXFileReference; fileEncoding = 4; lastKnownFileType = sourcecode.c.h; path = "WBHttpRequest+WeiboShare.h"; sourceTree = "<group>"; };
		293DE45A1BB9848700E5FAEE /* WBHttpRequest+WeiboToken.h */ = {isa = PBXFileReference; fileEncoding = 4; lastKnownFileType = sourcecode.c.h; path = "WBHttpRequest+WeiboToken.h"; sourceTree = "<group>"; };
		293DE45B1BB9848700E5FAEE /* WBHttpRequest+WeiboUser.h */ = {isa = PBXFileReference; fileEncoding = 4; lastKnownFileType = sourcecode.c.h; path = "WBHttpRequest+WeiboUser.h"; sourceTree = "<group>"; };
		293DE45C1BB9848700E5FAEE /* WBHttpRequest.h */ = {isa = PBXFileReference; fileEncoding = 4; lastKnownFileType = sourcecode.c.h; path = WBHttpRequest.h; sourceTree = "<group>"; };
		293DE45D1BB9848700E5FAEE /* WBSDKBasicButton.h */ = {isa = PBXFileReference; fileEncoding = 4; lastKnownFileType = sourcecode.c.h; path = WBSDKBasicButton.h; sourceTree = "<group>"; };
		293DE45E1BB9848700E5FAEE /* WBSDKCommentButton.h */ = {isa = PBXFileReference; fileEncoding = 4; lastKnownFileType = sourcecode.c.h; path = WBSDKCommentButton.h; sourceTree = "<group>"; };
		293DE45F1BB9848700E5FAEE /* WBSDKRelationshipButton.h */ = {isa = PBXFileReference; fileEncoding = 4; lastKnownFileType = sourcecode.c.h; path = WBSDKRelationshipButton.h; sourceTree = "<group>"; };
		293DE4601BB9848700E5FAEE /* WeiboSDK.bundle */ = {isa = PBXFileReference; lastKnownFileType = "wrapper.plug-in"; path = WeiboSDK.bundle; sourceTree = "<group>"; };
		293DE4611BB9848700E5FAEE /* WeiboSDK.h */ = {isa = PBXFileReference; fileEncoding = 4; lastKnownFileType = sourcecode.c.h; path = WeiboSDK.h; sourceTree = "<group>"; };
		293DE4621BB9848700E5FAEE /* WeiboUser.h */ = {isa = PBXFileReference; fileEncoding = 4; lastKnownFileType = sourcecode.c.h; path = WeiboUser.h; sourceTree = "<group>"; };
		293DE4671BB9850000E5FAEE /* libSocialSinaSSO.a */ = {isa = PBXFileReference; lastKnownFileType = archive.ar; path = libSocialSinaSSO.a; sourceTree = "<group>"; };
		293DE4681BB9850000E5FAEE /* libWeiboSDK.a */ = {isa = PBXFileReference; lastKnownFileType = archive.ar; path = libWeiboSDK.a; sourceTree = "<group>"; };
		293DE4691BB9850000E5FAEE /* UMSocialSinaSSOHandler.h */ = {isa = PBXFileReference; fileEncoding = 4; lastKnownFileType = sourcecode.c.h; path = UMSocialSinaSSOHandler.h; sourceTree = "<group>"; };
		293DE46A1BB9850000E5FAEE /* WBHttpRequest+WeiboShare.h */ = {isa = PBXFileReference; fileEncoding = 4; lastKnownFileType = sourcecode.c.h; path = "WBHttpRequest+WeiboShare.h"; sourceTree = "<group>"; };
		293DE46B1BB9850000E5FAEE /* WBHttpRequest+WeiboToken.h */ = {isa = PBXFileReference; fileEncoding = 4; lastKnownFileType = sourcecode.c.h; path = "WBHttpRequest+WeiboToken.h"; sourceTree = "<group>"; };
		293DE46C1BB9850000E5FAEE /* WBHttpRequest+WeiboUser.h */ = {isa = PBXFileReference; fileEncoding = 4; lastKnownFileType = sourcecode.c.h; path = "WBHttpRequest+WeiboUser.h"; sourceTree = "<group>"; };
		293DE46D1BB9850000E5FAEE /* WBHttpRequest.h */ = {isa = PBXFileReference; fileEncoding = 4; lastKnownFileType = sourcecode.c.h; path = WBHttpRequest.h; sourceTree = "<group>"; };
		293DE46E1BB9850000E5FAEE /* WBSDKBasicButton.h */ = {isa = PBXFileReference; fileEncoding = 4; lastKnownFileType = sourcecode.c.h; path = WBSDKBasicButton.h; sourceTree = "<group>"; };
		293DE46F1BB9850000E5FAEE /* WBSDKCommentButton.h */ = {isa = PBXFileReference; fileEncoding = 4; lastKnownFileType = sourcecode.c.h; path = WBSDKCommentButton.h; sourceTree = "<group>"; };
		293DE4701BB9850000E5FAEE /* WBSDKRelationshipButton.h */ = {isa = PBXFileReference; fileEncoding = 4; lastKnownFileType = sourcecode.c.h; path = WBSDKRelationshipButton.h; sourceTree = "<group>"; };
		293DE4711BB9850000E5FAEE /* WeiboSDK.bundle */ = {isa = PBXFileReference; lastKnownFileType = "wrapper.plug-in"; path = WeiboSDK.bundle; sourceTree = "<group>"; };
		293DE4721BB9850000E5FAEE /* WeiboSDK.h */ = {isa = PBXFileReference; fileEncoding = 4; lastKnownFileType = sourcecode.c.h; path = WeiboSDK.h; sourceTree = "<group>"; };
		293DE4731BB9850000E5FAEE /* WeiboUser.h */ = {isa = PBXFileReference; fileEncoding = 4; lastKnownFileType = sourcecode.c.h; path = WeiboUser.h; sourceTree = "<group>"; };
		2956D9F51B6920A500E34536 /* HLCSettingTableViewCell.h */ = {isa = PBXFileReference; fileEncoding = 4; lastKnownFileType = sourcecode.c.h; name = HLCSettingTableViewCell.h; path = View/HLCSettingTableViewCell.h; sourceTree = "<group>"; };
		2956D9F61B6920A500E34536 /* HLCSettingTableViewCell.m */ = {isa = PBXFileReference; fileEncoding = 4; lastKnownFileType = sourcecode.c.objc; name = HLCSettingTableViewCell.m; path = View/HLCSettingTableViewCell.m; sourceTree = "<group>"; };
		2956D9F81B692A5C00E34536 /* HLCLoanInputTableViewCell.h */ = {isa = PBXFileReference; fileEncoding = 4; lastKnownFileType = sourcecode.c.h; name = HLCLoanInputTableViewCell.h; path = View/HLCLoanInputTableViewCell.h; sourceTree = "<group>"; };
		2956D9F91B692A5C00E34536 /* HLCLoanInputTableViewCell.m */ = {isa = PBXFileReference; fileEncoding = 4; lastKnownFileType = sourcecode.c.objc; name = HLCLoanInputTableViewCell.m; path = View/HLCLoanInputTableViewCell.m; sourceTree = "<group>"; };
		2956D9FB1B692A8E00E34536 /* HLCLoanOutputTableViewCell.h */ = {isa = PBXFileReference; fileEncoding = 4; lastKnownFileType = sourcecode.c.h; name = HLCLoanOutputTableViewCell.h; path = View/HLCLoanOutputTableViewCell.h; sourceTree = "<group>"; };
		2956D9FC1B692A8E00E34536 /* HLCLoanOutputTableViewCell.m */ = {isa = PBXFileReference; fileEncoding = 4; lastKnownFileType = sourcecode.c.objc; name = HLCLoanOutputTableViewCell.m; path = View/HLCLoanOutputTableViewCell.m; sourceTree = "<group>"; };
		295B35251B5DD155006B9A0F /* HouseLoanCal.app */ = {isa = PBXFileReference; explicitFileType = wrapper.application; includeInIndex = 0; path = HouseLoanCal.app; sourceTree = BUILT_PRODUCTS_DIR; };
		295B35291B5DD155006B9A0F /* Info.plist */ = {isa = PBXFileReference; lastKnownFileType = text.plist.xml; path = Info.plist; sourceTree = "<group>"; };
		295B352A1B5DD155006B9A0F /* main.m */ = {isa = PBXFileReference; lastKnownFileType = sourcecode.c.objc; path = main.m; sourceTree = "<group>"; };
		295B35331B5DD155006B9A0F /* Base */ = {isa = PBXFileReference; lastKnownFileType = file.storyboard; name = Base; path = Base.lproj/Main.storyboard; sourceTree = "<group>"; };
		295B35351B5DD155006B9A0F /* Images.xcassets */ = {isa = PBXFileReference; lastKnownFileType = folder.assetcatalog; path = Images.xcassets; sourceTree = "<group>"; };
		295B353E1B5DD155006B9A0F /* HouseLoanCalTests.xctest */ = {isa = PBXFileReference; explicitFileType = wrapper.cfbundle; includeInIndex = 0; path = HouseLoanCalTests.xctest; sourceTree = BUILT_PRODUCTS_DIR; };
		295B35431B5DD155006B9A0F /* Info.plist */ = {isa = PBXFileReference; lastKnownFileType = text.plist.xml; path = Info.plist; sourceTree = "<group>"; };
		295B35441B5DD155006B9A0F /* HouseLoanCalTests.m */ = {isa = PBXFileReference; lastKnownFileType = sourcecode.c.objc; path = HouseLoanCalTests.m; sourceTree = "<group>"; };
		295B354E1B5DD4C2006B9A0F /* HLCAppDelegate.h */ = {isa = PBXFileReference; fileEncoding = 4; lastKnownFileType = sourcecode.c.h; path = HLCAppDelegate.h; sourceTree = "<group>"; };
		295B354F1B5DD4C2006B9A0F /* HLCAppDelegate.m */ = {isa = PBXFileReference; fileEncoding = 4; lastKnownFileType = sourcecode.c.objc; path = HLCAppDelegate.m; sourceTree = "<group>"; };
		295B35511B5DD84F006B9A0F /* HLCRootViewController.h */ = {isa = PBXFileReference; fileEncoding = 4; lastKnownFileType = sourcecode.c.h; path = HLCRootViewController.h; sourceTree = "<group>"; };
		295B35521B5DD84F006B9A0F /* HLCRootViewController.m */ = {isa = PBXFileReference; fileEncoding = 4; lastKnownFileType = sourcecode.c.objc; path = HLCRootViewController.m; sourceTree = "<group>"; };
		295B35571B5DE20E006B9A0F /* HLCMacros.h */ = {isa = PBXFileReference; lastKnownFileType = sourcecode.c.h; path = HLCMacros.h; sourceTree = "<group>"; };
		295B355B1B5E1A28006B9A0F /* HLCLoanController.h */ = {isa = PBXFileReference; fileEncoding = 4; lastKnownFileType = sourcecode.c.h; name = HLCLoanController.h; path = Controller/HLCLoanController.h; sourceTree = "<group>"; };
		295B355C1B5E1A28006B9A0F /* HLCLoanController.m */ = {isa = PBXFileReference; fileEncoding = 4; lastKnownFileType = sourcecode.c.objc; name = HLCLoanController.m; path = Controller/HLCLoanController.m; sourceTree = "<group>"; };
		295B355E1B5E1A57006B9A0F /* HLCProvidentFundLoanController.h */ = {isa = PBXFileReference; fileEncoding = 4; lastKnownFileType = sourcecode.c.h; name = HLCProvidentFundLoanController.h; path = Controller/HLCProvidentFundLoanController.h; sourceTree = "<group>"; };
		295B355F1B5E1A57006B9A0F /* HLCProvidentFundLoanController.m */ = {isa = PBXFileReference; fileEncoding = 4; lastKnownFileType = sourcecode.c.objc; name = HLCProvidentFundLoanController.m; path = Controller/HLCProvidentFundLoanController.m; sourceTree = "<group>"; };
		295B35611B5E1A74006B9A0F /* HLCCommercialLoanController.h */ = {isa = PBXFileReference; fileEncoding = 4; lastKnownFileType = sourcecode.c.h; name = HLCCommercialLoanController.h; path = Controller/HLCCommercialLoanController.h; sourceTree = "<group>"; };
		295B35621B5E1A74006B9A0F /* HLCCommercialLoanController.m */ = {isa = PBXFileReference; fileEncoding = 4; lastKnownFileType = sourcecode.c.objc; name = HLCCommercialLoanController.m; path = Controller/HLCCommercialLoanController.m; sourceTree = "<group>"; };
		295B35641B5E1A87006B9A0F /* HLCMixedLoanController.h */ = {isa = PBXFileReference; fileEncoding = 4; lastKnownFileType = sourcecode.c.h; name = HLCMixedLoanController.h; path = Controller/HLCMixedLoanController.h; sourceTree = "<group>"; };
		295B35651B5E1A87006B9A0F /* HLCMixedLoanController.m */ = {isa = PBXFileReference; fileEncoding = 4; lastKnownFileType = sourcecode.c.objc; name = HLCMixedLoanController.m; path = Controller/HLCMixedLoanController.m; sourceTree = "<group>"; };
		295B35671B5E1B02006B9A0F /* HLCSettingController.h */ = {isa = PBXFileReference; fileEncoding = 4; lastKnownFileType = sourcecode.c.h; name = HLCSettingController.h; path = Controller/HLCSettingController.h; sourceTree = "<group>"; };
		295B35681B5E1B02006B9A0F /* HLCSettingController.m */ = {isa = PBXFileReference; fileEncoding = 4; lastKnownFileType = sourcecode.c.objc; name = HLCSettingController.m; path = Controller/HLCSettingController.m; sourceTree = "<group>"; };
		295B356A1B5E203E006B9A0F /* HLCBaseNavigationController.h */ = {isa = PBXFileReference; fileEncoding = 4; lastKnownFileType = sourcecode.c.h; name = HLCBaseNavigationController.h; path = Controller/HLCBaseNavigationController.h; sourceTree = "<group>"; };
		295B356B1B5E203E006B9A0F /* HLCBaseNavigationController.m */ = {isa = PBXFileReference; fileEncoding = 4; lastKnownFileType = sourcecode.c.objc; name = HLCBaseNavigationController.m; path = Controller/HLCBaseNavigationController.m; sourceTree = "<group>"; };
		295B356E1B5E29F1006B9A0F /* HLCBaseTableViewController.h */ = {isa = PBXFileReference; fileEncoding = 4; lastKnownFileType = sourcecode.c.h; name = HLCBaseTableViewController.h; path = Controller/HLCBaseTableViewController.h; sourceTree = "<group>"; };
		295B356F1B5E29F1006B9A0F /* HLCBaseTableViewController.m */ = {isa = PBXFileReference; fileEncoding = 4; lastKnownFileType = sourcecode.c.objc; name = HLCBaseTableViewController.m; path = Controller/HLCBaseTableViewController.m; sourceTree = "<group>"; };
		298F166A1BB510AA00C73A6C /* libSocialWechat.a */ = {isa = PBXFileReference; lastKnownFileType = archive.ar; path = libSocialWechat.a; sourceTree = "<group>"; };
		298F166B1BB510AA00C73A6C /* libWeChatSDK.a */ = {isa = PBXFileReference; lastKnownFileType = archive.ar; path = libWeChatSDK.a; sourceTree = "<group>"; };
		298F166C1BB510AA00C73A6C /* UMSocialWechatHandler.h */ = {isa = PBXFileReference; fileEncoding = 4; lastKnownFileType = sourcecode.c.h; path = UMSocialWechatHandler.h; sourceTree = "<group>"; };
		298F166D1BB510AA00C73A6C /* WXApi.h */ = {isa = PBXFileReference; fileEncoding = 4; lastKnownFileType = sourcecode.c.h; path = WXApi.h; sourceTree = "<group>"; };
		298F166E1BB510AA00C73A6C /* WXApiObject.h */ = {isa = PBXFileReference; fileEncoding = 4; lastKnownFileType = sourcecode.c.h; path = WXApiObject.h; sourceTree = "<group>"; };
		298F16711BB5156300C73A6C /* libsqlite3.tbd */ = {isa = PBXFileReference; lastKnownFileType = "sourcecode.text-based-dylib-definition"; name = libsqlite3.tbd; path = usr/lib/libsqlite3.tbd; sourceTree = SDKROOT; };
		298F16731BB5158900C73A6C /* libc++.tbd */ = {isa = PBXFileReference; lastKnownFileType = "sourcecode.text-based-dylib-definition"; name = "libc++.tbd"; path = "usr/lib/libc++.tbd"; sourceTree = SDKROOT; };
		29DAEE401BB2F13B00E7F82B /* libz.tbd */ = {isa = PBXFileReference; lastKnownFileType = "sourcecode.text-based-dylib-definition"; name = libz.tbd; path = usr/lib/libz.tbd; sourceTree = SDKROOT; };
		29DAEE491BB3AD2300E7F82B /* libMobClickLibrary.a */ = {isa = PBXFileReference; lastKnownFileType = archive.ar; path = libMobClickLibrary.a; sourceTree = "<group>"; };
		29DAEE4A1BB3AD2300E7F82B /* MobClick.h */ = {isa = PBXFileReference; fileEncoding = 4; lastKnownFileType = sourcecode.c.h; path = MobClick.h; sourceTree = "<group>"; };
		29DAEE4B1BB3AD2300E7F82B /* MobClickSocialAnalytics.h */ = {isa = PBXFileReference; fileEncoding = 4; lastKnownFileType = sourcecode.c.h; path = MobClickSocialAnalytics.h; sourceTree = "<group>"; };
		29DAEE4F1BB3AD3700E7F82B /* en */ = {isa = PBXFileReference; lastKnownFileType = text.plist.strings; name = en; path = en.lproj/UMSocialLocalizable.strings; sourceTree = "<group>"; };
		29DAEE511BB3AD3700E7F82B /* UMSocial.h */ = {isa = PBXFileReference; fileEncoding = 4; lastKnownFileType = sourcecode.c.h; path = UMSocial.h; sourceTree = "<group>"; };
		29DAEE521BB3AD3700E7F82B /* UMSocialAccountManager.h */ = {isa = PBXFileReference; fileEncoding = 4; lastKnownFileType = sourcecode.c.h; path = UMSocialAccountManager.h; sourceTree = "<group>"; };
		29DAEE531BB3AD3700E7F82B /* UMSocialBar.h */ = {isa = PBXFileReference; fileEncoding = 4; lastKnownFileType = sourcecode.c.h; path = UMSocialBar.h; sourceTree = "<group>"; };
		29DAEE541BB3AD3700E7F82B /* UMSocialConfig.h */ = {isa = PBXFileReference; fileEncoding = 4; lastKnownFileType = sourcecode.c.h; path = UMSocialConfig.h; sourceTree = "<group>"; };
		29DAEE551BB3AD3700E7F82B /* UMSocialControllerService.h */ = {isa = PBXFileReference; fileEncoding = 4; lastKnownFileType = sourcecode.c.h; path = UMSocialControllerService.h; sourceTree = "<group>"; };
		29DAEE561BB3AD3700E7F82B /* UMSocialControllerServiceComment.h */ = {isa = PBXFileReference; fileEncoding = 4; lastKnownFileType = sourcecode.c.h; path = UMSocialControllerServiceComment.h; sourceTree = "<group>"; };
		29DAEE571BB3AD3700E7F82B /* UMSocialData.h */ = {isa = PBXFileReference; fileEncoding = 4; lastKnownFileType = sourcecode.c.h; path = UMSocialData.h; sourceTree = "<group>"; };
		29DAEE581BB3AD3700E7F82B /* UMSocialDataService.h */ = {isa = PBXFileReference; fileEncoding = 4; lastKnownFileType = sourcecode.c.h; path = UMSocialDataService.h; sourceTree = "<group>"; };
		29DAEE591BB3AD3700E7F82B /* UMSocialSnsData.h */ = {isa = PBXFileReference; fileEncoding = 4; lastKnownFileType = sourcecode.c.h; path = UMSocialSnsData.h; sourceTree = "<group>"; };
		29DAEE5A1BB3AD3700E7F82B /* UMSocialSnsPlatformManager.h */ = {isa = PBXFileReference; fileEncoding = 4; lastKnownFileType = sourcecode.c.h; path = UMSocialSnsPlatformManager.h; sourceTree = "<group>"; };
		29DAEE5B1BB3AD3700E7F82B /* UMSocialSnsService.h */ = {isa = PBXFileReference; fileEncoding = 4; lastKnownFileType = sourcecode.c.h; path = UMSocialSnsService.h; sourceTree = "<group>"; };
		29DAEE5C1BB3AD3700E7F82B /* libUMSocial_Sdk_4.2.3.a */ = {isa = PBXFileReference; lastKnownFileType = archive.ar; path = libUMSocial_Sdk_4.2.3.a; sourceTree = "<group>"; };
		29DAEE5E1BB3AD3700E7F82B /* UMSCommentDetailController.xib */ = {isa = PBXFileReference; fileEncoding = 4; lastKnownFileType = file.xib; path = UMSCommentDetailController.xib; sourceTree = "<group>"; };
		29DAEE5F1BB3AD3700E7F82B /* UMSCommentInputController.xib */ = {isa = PBXFileReference; fileEncoding = 4; lastKnownFileType = file.xib; path = UMSCommentInputController.xib; sourceTree = "<group>"; };
		29DAEE601BB3AD3700E7F82B /* UMSCommentInputControlleriPad.xib */ = {isa = PBXFileReference; fileEncoding = 4; lastKnownFileType = file.xib; path = UMSCommentInputControlleriPad.xib; sourceTree = "<group>"; };
		29DAEE611BB3AD3700E7F82B /* UMShareEditViewController.xib */ = {isa = PBXFileReference; fileEncoding = 4; lastKnownFileType = file.xib; path = UMShareEditViewController.xib; sourceTree = "<group>"; };
		29DAEE621BB3AD3700E7F82B /* UMShareEditViewControlleriPad.xib */ = {isa = PBXFileReference; fileEncoding = 4; lastKnownFileType = file.xib; path = UMShareEditViewControlleriPad.xib; sourceTree = "<group>"; };
		29DAEE631BB3AD3700E7F82B /* UMSLoginViewController.xib */ = {isa = PBXFileReference; fileEncoding = 4; lastKnownFileType = file.xib; path = UMSLoginViewController.xib; sourceTree = "<group>"; };
		29DAEE641BB3AD3700E7F82B /* UMSnsAccountViewController.xib */ = {isa = PBXFileReference; fileEncoding = 4; lastKnownFileType = file.xib; path = UMSnsAccountViewController.xib; sourceTree = "<group>"; };
		29DAEE651BB3AD3700E7F82B /* UMSShareListController.xib */ = {isa = PBXFileReference; fileEncoding = 4; lastKnownFileType = file.xib; path = UMSShareListController.xib; sourceTree = "<group>"; };
		29DAEE661BB3AD3700E7F82B /* UMSocialSDKResourcesNew.bundle */ = {isa = PBXFileReference; lastKnownFileType = "wrapper.plug-in"; path = UMSocialSDKResourcesNew.bundle; sourceTree = "<group>"; };
		29DAEE671BB3AD3700E7F82B /* zh-Hans */ = {isa = PBXFileReference; lastKnownFileType = text.plist.strings; name = "zh-Hans"; path = "zh-Hans.lproj/UMSocialLocalizable.strings"; sourceTree = "<group>"; };
		29DAEE741BB3CEFF00E7F82B /* SystemConfiguration.framework */ = {isa = PBXFileReference; lastKnownFileType = wrapper.framework; name = SystemConfiguration.framework; path = System/Library/Frameworks/SystemConfiguration.framework; sourceTree = SDKROOT; };
/* End PBXFileReference section */

/* Begin PBXFrameworksBuildPhase section */
		295B35221B5DD155006B9A0F /* Frameworks */ = {
			isa = PBXFrameworksBuildPhase;
			buildActionMask = 2147483647;
			files = (
				293DE43D1BB96B5C00E5FAEE /* ImageIO.framework in Frameworks */,
				293DE4751BB9850000E5FAEE /* libWeiboSDK.a in Frameworks */,
				298F16741BB5158900C73A6C /* libc++.tbd in Frameworks */,
				29DAEE411BB2F13B00E7F82B /* libz.tbd in Frameworks */,
				298F16721BB5156300C73A6C /* libsqlite3.tbd in Frameworks */,
				29DAEE751BB3CEFF00E7F82B /* SystemConfiguration.framework in Frameworks */,
				298F166F1BB510AA00C73A6C /* libSocialWechat.a in Frameworks */,
				298F16701BB510AA00C73A6C /* libWeChatSDK.a in Frameworks */,
				293DE4741BB9850000E5FAEE /* libSocialSinaSSO.a in Frameworks */,
				29DAEE691BB3AD3700E7F82B /* libUMSocial_Sdk_4.2.3.a in Frameworks */,
				29DAEE4C1BB3AD2300E7F82B /* libMobClickLibrary.a in Frameworks */,
			);
			runOnlyForDeploymentPostprocessing = 0;
		};
		295B353B1B5DD155006B9A0F /* Frameworks */ = {
			isa = PBXFrameworksBuildPhase;
			buildActionMask = 2147483647;
			files = (
				293DE4631BB9848700E5FAEE /* libSocialSinaSSO.a in Frameworks */,
				293DE4641BB9848700E5FAEE /* libWeiboSDK.a in Frameworks */,
			);
			runOnlyForDeploymentPostprocessing = 0;
		};
/* End PBXFrameworksBuildPhase section */

/* Begin PBXGroup section */
		293DE4551BB9848700E5FAEE /* SinaSSO */ = {
			isa = PBXGroup;
			children = (
				293DE4561BB9848700E5FAEE /* libSocialSinaSSO.a */,
				293DE4571BB9848700E5FAEE /* libWeiboSDK.a */,
				293DE4581BB9848700E5FAEE /* UMSocialSinaSSOHandler.h */,
				293DE4591BB9848700E5FAEE /* WBHttpRequest+WeiboShare.h */,
				293DE45A1BB9848700E5FAEE /* WBHttpRequest+WeiboToken.h */,
				293DE45B1BB9848700E5FAEE /* WBHttpRequest+WeiboUser.h */,
				293DE45C1BB9848700E5FAEE /* WBHttpRequest.h */,
				293DE45D1BB9848700E5FAEE /* WBSDKBasicButton.h */,
				293DE45E1BB9848700E5FAEE /* WBSDKCommentButton.h */,
				293DE45F1BB9848700E5FAEE /* WBSDKRelationshipButton.h */,
				293DE4601BB9848700E5FAEE /* WeiboSDK.bundle */,
				293DE4611BB9848700E5FAEE /* WeiboSDK.h */,
				293DE4621BB9848700E5FAEE /* WeiboUser.h */,
			);
			path = SinaSSO;
			sourceTree = "<group>";
		};
		293DE4661BB9850000E5FAEE /* SinaSSO */ = {
			isa = PBXGroup;
			children = (
				293DE4671BB9850000E5FAEE /* libSocialSinaSSO.a */,
				293DE4681BB9850000E5FAEE /* libWeiboSDK.a */,
				293DE4691BB9850000E5FAEE /* UMSocialSinaSSOHandler.h */,
				293DE46A1BB9850000E5FAEE /* WBHttpRequest+WeiboShare.h */,
				293DE46B1BB9850000E5FAEE /* WBHttpRequest+WeiboToken.h */,
				293DE46C1BB9850000E5FAEE /* WBHttpRequest+WeiboUser.h */,
				293DE46D1BB9850000E5FAEE /* WBHttpRequest.h */,
				293DE46E1BB9850000E5FAEE /* WBSDKBasicButton.h */,
				293DE46F1BB9850000E5FAEE /* WBSDKCommentButton.h */,
				293DE4701BB9850000E5FAEE /* WBSDKRelationshipButton.h */,
				293DE4711BB9850000E5FAEE /* WeiboSDK.bundle */,
				293DE4721BB9850000E5FAEE /* WeiboSDK.h */,
				293DE4731BB9850000E5FAEE /* WeiboUser.h */,
			);
			path = SinaSSO;
			sourceTree = "<group>";
		};
		295B351C1B5DD155006B9A0F = {
			isa = PBXGroup;
			children = (
				295B35271B5DD155006B9A0F /* HouseLoanCal */,
				295B35411B5DD155006B9A0F /* HouseLoanCalTests */,
				29DAEE731BB3CD7D00E7F82B /* ThirdParty */,
				29DAEE351BB2E6FC00E7F82B /* Frameworks */,
				295B35261B5DD155006B9A0F /* Products */,
			);
			sourceTree = "<group>";
		};
		295B35261B5DD155006B9A0F /* Products */ = {
			isa = PBXGroup;
			children = (
				295B35251B5DD155006B9A0F /* HouseLoanCal.app */,
				295B353E1B5DD155006B9A0F /* HouseLoanCalTests.xctest */,
			);
			name = Products;
			sourceTree = "<group>";
		};
		295B35271B5DD155006B9A0F /* HouseLoanCal */ = {
			isa = PBXGroup;
			children = (
				295B35561B5DDB0F006B9A0F /* Controller */,
				295B35551B5DDB08006B9A0F /* Model */,
				295B35541B5DDAFF006B9A0F /* View */,
				295B354E1B5DD4C2006B9A0F /* HLCAppDelegate.h */,
				295B354F1B5DD4C2006B9A0F /* HLCAppDelegate.m */,
				295B35511B5DD84F006B9A0F /* HLCRootViewController.h */,
				295B35521B5DD84F006B9A0F /* HLCRootViewController.m */,
				295B35571B5DE20E006B9A0F /* HLCMacros.h */,
				295B35321B5DD155006B9A0F /* Main.storyboard */,
				295B35351B5DD155006B9A0F /* Images.xcassets */,
				295B35281B5DD155006B9A0F /* Supporting Files */,
			);
			path = HouseLoanCal;
			sourceTree = "<group>";
		};
		295B35281B5DD155006B9A0F /* Supporting Files */ = {
			isa = PBXGroup;
			children = (
				295B35291B5DD155006B9A0F /* Info.plist */,
				295B352A1B5DD155006B9A0F /* main.m */,
			);
			name = "Supporting Files";
			sourceTree = "<group>";
		};
		295B35411B5DD155006B9A0F /* HouseLoanCalTests */ = {
			isa = PBXGroup;
			children = (
				293DE4551BB9848700E5FAEE /* SinaSSO */,
				295B35441B5DD155006B9A0F /* HouseLoanCalTests.m */,
				295B35421B5DD155006B9A0F /* Supporting Files */,
			);
			path = HouseLoanCalTests;
			sourceTree = "<group>";
		};
		295B35421B5DD155006B9A0F /* Supporting Files */ = {
			isa = PBXGroup;
			children = (
				295B35431B5DD155006B9A0F /* Info.plist */,
			);
			name = "Supporting Files";
			sourceTree = "<group>";
		};
		295B35541B5DDAFF006B9A0F /* View */ = {
			isa = PBXGroup;
			children = (
				2933846D1B611E8900D0B455 /* HLCTableViewCell.h */,
				2933846E1B611E8900D0B455 /* HLCTableViewCell.m */,
				2956D9F51B6920A500E34536 /* HLCSettingTableViewCell.h */,
				2956D9F61B6920A500E34536 /* HLCSettingTableViewCell.m */,
				2956D9F81B692A5C00E34536 /* HLCLoanInputTableViewCell.h */,
				2956D9F91B692A5C00E34536 /* HLCLoanInputTableViewCell.m */,
				2956D9FB1B692A8E00E34536 /* HLCLoanOutputTableViewCell.h */,
				2956D9FC1B692A8E00E34536 /* HLCLoanOutputTableViewCell.m */,
				2902B15A1B78934F0027D13E /* HLCTextField.h */,
				2902B15B1B78934F0027D13E /* HLCTextField.m */,
			);
			name = View;
			sourceTree = "<group>";
		};
		295B35551B5DDB08006B9A0F /* Model */ = {
			isa = PBXGroup;
			children = (
				291272E21B7DB81B00679251 /* HLCLoanModel.h */,
				291272E31B7DB81B00679251 /* HLCLoanModel.m */,
			);
			name = Model;
			sourceTree = "<group>";
		};
		295B35561B5DDB0F006B9A0F /* Controller */ = {
			isa = PBXGroup;
			children = (
				295B356E1B5E29F1006B9A0F /* HLCBaseTableViewController.h */,
				295B356F1B5E29F1006B9A0F /* HLCBaseTableViewController.m */,
				295B356A1B5E203E006B9A0F /* HLCBaseNavigationController.h */,
				295B356B1B5E203E006B9A0F /* HLCBaseNavigationController.m */,
				295B355B1B5E1A28006B9A0F /* HLCLoanController.h */,
				295B355C1B5E1A28006B9A0F /* HLCLoanController.m */,
				295B355E1B5E1A57006B9A0F /* HLCProvidentFundLoanController.h */,
				295B355F1B5E1A57006B9A0F /* HLCProvidentFundLoanController.m */,
				295B35611B5E1A74006B9A0F /* HLCCommercialLoanController.h */,
				295B35621B5E1A74006B9A0F /* HLCCommercialLoanController.m */,
				295B35641B5E1A87006B9A0F /* HLCMixedLoanController.h */,
				295B35651B5E1A87006B9A0F /* HLCMixedLoanController.m */,
				295B35671B5E1B02006B9A0F /* HLCSettingController.h */,
				295B35681B5E1B02006B9A0F /* HLCSettingController.m */,
			);
			name = Controller;
			sourceTree = "<group>";
		};
		298F16691BB510AA00C73A6C /* Wechat */ = {
			isa = PBXGroup;
			children = (
				298F166A1BB510AA00C73A6C /* libSocialWechat.a */,
				298F166B1BB510AA00C73A6C /* libWeChatSDK.a */,
				298F166C1BB510AA00C73A6C /* UMSocialWechatHandler.h */,
				298F166D1BB510AA00C73A6C /* WXApi.h */,
				298F166E1BB510AA00C73A6C /* WXApiObject.h */,
			);
			path = Wechat;
			sourceTree = "<group>";
		};
		29DAEE351BB2E6FC00E7F82B /* Frameworks */ = {
			isa = PBXGroup;
			children = (
				29DAEE741BB3CEFF00E7F82B /* SystemConfiguration.framework */,
				293DE43C1BB96B5C00E5FAEE /* ImageIO.framework */,
				298F16731BB5158900C73A6C /* libc++.tbd */,
				298F16711BB5156300C73A6C /* libsqlite3.tbd */,
				29DAEE401BB2F13B00E7F82B /* libz.tbd */,
			);
			name = Frameworks;
			sourceTree = "<group>";
		};
		29DAEE481BB3AD2300E7F82B /* UMAnalytics_Sdk_3.5.16 */ = {
			isa = PBXGroup;
			children = (
				29DAEE491BB3AD2300E7F82B /* libMobClickLibrary.a */,
				29DAEE4A1BB3AD2300E7F82B /* MobClick.h */,
				29DAEE4B1BB3AD2300E7F82B /* MobClickSocialAnalytics.h */,
			);
			path = UMAnalytics_Sdk_3.5.16;
			sourceTree = "<group>";
		};
		29DAEE4D1BB3AD3700E7F82B /* UMSocial_Sdk_4.2.3 */ = {
			isa = PBXGroup;
			children = (
				29DAEE4E1BB3AD3700E7F82B /* UMSocialLocalizable.strings */,
				29DAEE501BB3AD3700E7F82B /* Header */,
				29DAEE5C1BB3AD3700E7F82B /* libUMSocial_Sdk_4.2.3.a */,
				29DAEE5D1BB3AD3700E7F82B /* SocialSDKXib */,
				29DAEE661BB3AD3700E7F82B /* UMSocialSDKResourcesNew.bundle */,
			);
			path = UMSocial_Sdk_4.2.3;
			sourceTree = "<group>";
		};
		29DAEE501BB3AD3700E7F82B /* Header */ = {
			isa = PBXGroup;
			children = (
				29DAEE511BB3AD3700E7F82B /* UMSocial.h */,
				29DAEE521BB3AD3700E7F82B /* UMSocialAccountManager.h */,
				29DAEE531BB3AD3700E7F82B /* UMSocialBar.h */,
				29DAEE541BB3AD3700E7F82B /* UMSocialConfig.h */,
				29DAEE551BB3AD3700E7F82B /* UMSocialControllerService.h */,
				29DAEE561BB3AD3700E7F82B /* UMSocialControllerServiceComment.h */,
				29DAEE571BB3AD3700E7F82B /* UMSocialData.h */,
				29DAEE581BB3AD3700E7F82B /* UMSocialDataService.h */,
				29DAEE591BB3AD3700E7F82B /* UMSocialSnsData.h */,
				29DAEE5A1BB3AD3700E7F82B /* UMSocialSnsPlatformManager.h */,
				29DAEE5B1BB3AD3700E7F82B /* UMSocialSnsService.h */,
			);
			path = Header;
			sourceTree = "<group>";
		};
		29DAEE5D1BB3AD3700E7F82B /* SocialSDKXib */ = {
			isa = PBXGroup;
			children = (
				29DAEE5E1BB3AD3700E7F82B /* UMSCommentDetailController.xib */,
				29DAEE5F1BB3AD3700E7F82B /* UMSCommentInputController.xib */,
				29DAEE601BB3AD3700E7F82B /* UMSCommentInputControlleriPad.xib */,
				29DAEE611BB3AD3700E7F82B /* UMShareEditViewController.xib */,
				29DAEE621BB3AD3700E7F82B /* UMShareEditViewControlleriPad.xib */,
				29DAEE631BB3AD3700E7F82B /* UMSLoginViewController.xib */,
				29DAEE641BB3AD3700E7F82B /* UMSnsAccountViewController.xib */,
				29DAEE651BB3AD3700E7F82B /* UMSShareListController.xib */,
			);
			path = SocialSDKXib;
			sourceTree = "<group>";
		};
		29DAEE731BB3CD7D00E7F82B /* ThirdParty */ = {
			isa = PBXGroup;
			children = (
				293DE4661BB9850000E5FAEE /* SinaSSO */,
				298F16691BB510AA00C73A6C /* Wechat */,
				29DAEE481BB3AD2300E7F82B /* UMAnalytics_Sdk_3.5.16 */,
				29DAEE4D1BB3AD3700E7F82B /* UMSocial_Sdk_4.2.3 */,
			);
			name = ThirdParty;
			sourceTree = "<group>";
		};
/* End PBXGroup section */

/* Begin PBXNativeTarget section */
		295B35241B5DD155006B9A0F /* HouseLoanCal */ = {
			isa = PBXNativeTarget;
			buildConfigurationList = 295B35481B5DD155006B9A0F /* Build configuration list for PBXNativeTarget "HouseLoanCal" */;
			buildPhases = (
				295B35211B5DD155006B9A0F /* Sources */,
				295B35221B5DD155006B9A0F /* Frameworks */,
				295B35231B5DD155006B9A0F /* Resources */,
			);
			buildRules = (
			);
			dependencies = (
			);
			name = HouseLoanCal;
			productName = HouseLoanCal;
			productReference = 295B35251B5DD155006B9A0F /* HouseLoanCal.app */;
			productType = "com.apple.product-type.application";
		};
		295B353D1B5DD155006B9A0F /* HouseLoanCalTests */ = {
			isa = PBXNativeTarget;
			buildConfigurationList = 295B354B1B5DD155006B9A0F /* Build configuration list for PBXNativeTarget "HouseLoanCalTests" */;
			buildPhases = (
				295B353A1B5DD155006B9A0F /* Sources */,
				295B353B1B5DD155006B9A0F /* Frameworks */,
				295B353C1B5DD155006B9A0F /* Resources */,
			);
			buildRules = (
			);
			dependencies = (
				295B35401B5DD155006B9A0F /* PBXTargetDependency */,
			);
			name = HouseLoanCalTests;
			productName = HouseLoanCalTests;
			productReference = 295B353E1B5DD155006B9A0F /* HouseLoanCalTests.xctest */;
			productType = "com.apple.product-type.bundle.unit-test";
		};
/* End PBXNativeTarget section */

/* Begin PBXProject section */
		295B351D1B5DD155006B9A0F /* Project object */ = {
			isa = PBXProject;
			attributes = {
				LastUpgradeCheck = 0700;
				ORGANIZATIONNAME = xuyang;
				TargetAttributes = {
					295B35241B5DD155006B9A0F = {
						CreatedOnToolsVersion = 6.4;
						DevelopmentTeam = 5F3JGZU2LG;
					};
					295B353D1B5DD155006B9A0F = {
						CreatedOnToolsVersion = 6.4;
						TestTargetID = 295B35241B5DD155006B9A0F;
					};
				};
			};
			buildConfigurationList = 295B35201B5DD155006B9A0F /* Build configuration list for PBXProject "HouseLoanCal" */;
			compatibilityVersion = "Xcode 6.3";
			developmentRegion = English;
			hasScannedForEncodings = 0;
			knownRegions = (
				en,
				Base,
				"zh-Hans",
			);
			mainGroup = 295B351C1B5DD155006B9A0F;
			productRefGroup = 295B35261B5DD155006B9A0F /* Products */;
			projectDirPath = "";
			projectRoot = "";
			targets = (
				295B35241B5DD155006B9A0F /* HouseLoanCal */,
				295B353D1B5DD155006B9A0F /* HouseLoanCalTests */,
			);
		};
/* End PBXProject section */

/* Begin PBXResourcesBuildPhase section */
		295B35231B5DD155006B9A0F /* Resources */ = {
			isa = PBXResourcesBuildPhase;
			buildActionMask = 2147483647;
			files = (
				29DAEE6D1BB3AD3700E7F82B /* UMShareEditViewController.xib in Resources */,
				29DAEE6B1BB3AD3700E7F82B /* UMSCommentInputController.xib in Resources */,
				295B35341B5DD155006B9A0F /* Main.storyboard in Resources */,
				29DAEE6A1BB3AD3700E7F82B /* UMSCommentDetailController.xib in Resources */,
				29DAEE6F1BB3AD3700E7F82B /* UMSLoginViewController.xib in Resources */,
				29DAEE6C1BB3AD3700E7F82B /* UMSCommentInputControlleriPad.xib in Resources */,
				29DAEE6E1BB3AD3700E7F82B /* UMShareEditViewControlleriPad.xib in Resources */,
				29DAEE681BB3AD3700E7F82B /* UMSocialLocalizable.strings in Resources */,
				295B35361B5DD155006B9A0F /* Images.xcassets in Resources */,
				293DE4761BB9850000E5FAEE /* WeiboSDK.bundle in Resources */,
				29DAEE701BB3AD3700E7F82B /* UMSnsAccountViewController.xib in Resources */,
				29DAEE711BB3AD3700E7F82B /* UMSShareListController.xib in Resources */,
				29DAEE721BB3AD3700E7F82B /* UMSocialSDKResourcesNew.bundle in Resources */,
			);
			runOnlyForDeploymentPostprocessing = 0;
		};
		295B353C1B5DD155006B9A0F /* Resources */ = {
			isa = PBXResourcesBuildPhase;
			buildActionMask = 2147483647;
			files = (
				293DE4651BB9848700E5FAEE /* WeiboSDK.bundle in Resources */,
			);
			runOnlyForDeploymentPostprocessing = 0;
		};
/* End PBXResourcesBuildPhase section */

/* Begin PBXSourcesBuildPhase section */
		295B35211B5DD155006B9A0F /* Sources */ = {
			isa = PBXSourcesBuildPhase;
			buildActionMask = 2147483647;
			files = (
				2956D9FA1B692A5C00E34536 /* HLCLoanInputTableViewCell.m in Sources */,
				295B35701B5E29F1006B9A0F /* HLCBaseTableViewController.m in Sources */,
				295B355D1B5E1A28006B9A0F /* HLCLoanController.m in Sources */,
				295B35531B5DD84F006B9A0F /* HLCRootViewController.m in Sources */,
				2933846F1B611E8900D0B455 /* HLCTableViewCell.m in Sources */,
				295B35501B5DD4C2006B9A0F /* HLCAppDelegate.m in Sources */,
				295B35601B5E1A57006B9A0F /* HLCProvidentFundLoanController.m in Sources */,
				295B352B1B5DD155006B9A0F /* main.m in Sources */,
				2902B15C1B78934F0027D13E /* HLCTextField.m in Sources */,
				295B356C1B5E203E006B9A0F /* HLCBaseNavigationController.m in Sources */,
				295B35631B5E1A74006B9A0F /* HLCCommercialLoanController.m in Sources */,
				291272E41B7DB81B00679251 /* HLCLoanModel.m in Sources */,
				295B35661B5E1A87006B9A0F /* HLCMixedLoanController.m in Sources */,
				295B35691B5E1B02006B9A0F /* HLCSettingController.m in Sources */,
				2956D9FD1B692A8E00E34536 /* HLCLoanOutputTableViewCell.m in Sources */,
				2956D9F71B6920A500E34536 /* HLCSettingTableViewCell.m in Sources */,
			);
			runOnlyForDeploymentPostprocessing = 0;
		};
		295B353A1B5DD155006B9A0F /* Sources */ = {
			isa = PBXSourcesBuildPhase;
			buildActionMask = 2147483647;
			files = (
				295B35451B5DD155006B9A0F /* HouseLoanCalTests.m in Sources */,
			);
			runOnlyForDeploymentPostprocessing = 0;
		};
/* End PBXSourcesBuildPhase section */

/* Begin PBXTargetDependency section */
		295B35401B5DD155006B9A0F /* PBXTargetDependency */ = {
			isa = PBXTargetDependency;
			target = 295B35241B5DD155006B9A0F /* HouseLoanCal */;
			targetProxy = 295B353F1B5DD155006B9A0F /* PBXContainerItemProxy */;
		};
/* End PBXTargetDependency section */

/* Begin PBXVariantGroup section */
		295B35321B5DD155006B9A0F /* Main.storyboard */ = {
			isa = PBXVariantGroup;
			children = (
				295B35331B5DD155006B9A0F /* Base */,
			);
			name = Main.storyboard;
			sourceTree = "<group>";
		};
		29DAEE4E1BB3AD3700E7F82B /* UMSocialLocalizable.strings */ = {
			isa = PBXVariantGroup;
			children = (
				29DAEE4F1BB3AD3700E7F82B /* en */,
				29DAEE671BB3AD3700E7F82B /* zh-Hans */,
			);
			name = UMSocialLocalizable.strings;
			sourceTree = "<group>";
		};
/* End PBXVariantGroup section */

/* Begin XCBuildConfiguration section */
		295B35461B5DD155006B9A0F /* Debug */ = {
			isa = XCBuildConfiguration;
			buildSettings = {
				ALWAYS_SEARCH_USER_PATHS = NO;
				CLANG_CXX_LANGUAGE_STANDARD = "gnu++0x";
				CLANG_CXX_LIBRARY = "libc++";
				CLANG_ENABLE_MODULES = YES;
				CLANG_ENABLE_OBJC_ARC = YES;
				CLANG_WARN_BOOL_CONVERSION = YES;
				CLANG_WARN_CONSTANT_CONVERSION = YES;
				CLANG_WARN_DIRECT_OBJC_ISA_USAGE = YES_ERROR;
				CLANG_WARN_EMPTY_BODY = YES;
				CLANG_WARN_ENUM_CONVERSION = YES;
				CLANG_WARN_INT_CONVERSION = YES;
				CLANG_WARN_OBJC_ROOT_CLASS = YES_ERROR;
				CLANG_WARN_UNREACHABLE_CODE = YES;
				CLANG_WARN__DUPLICATE_METHOD_MATCH = YES;
				CODE_SIGN_IDENTITY = "iPhone Developer: Yang Xu (8JG97H3BQR)";
				"CODE_SIGN_IDENTITY[sdk=iphoneos*]" = "iPhone Developer: Yang Xu (8JG97H3BQR)";
				COPY_PHASE_STRIP = NO;
				DEBUG_INFORMATION_FORMAT = "dwarf-with-dsym";
				ENABLE_STRICT_OBJC_MSGSEND = YES;
				ENABLE_TESTABILITY = YES;
				GCC_C_LANGUAGE_STANDARD = gnu99;
				GCC_DYNAMIC_NO_PIC = NO;
				GCC_NO_COMMON_BLOCKS = YES;
				GCC_OPTIMIZATION_LEVEL = 0;
				GCC_PREPROCESSOR_DEFINITIONS = (
					"DEBUG=1",
					"$(inherited)",
				);
				GCC_SYMBOLS_PRIVATE_EXTERN = NO;
				GCC_WARN_64_TO_32_BIT_CONVERSION = YES;
				GCC_WARN_ABOUT_RETURN_TYPE = YES_ERROR;
				GCC_WARN_UNDECLARED_SELECTOR = YES;
				GCC_WARN_UNINITIALIZED_AUTOS = YES_AGGRESSIVE;
				GCC_WARN_UNUSED_FUNCTION = YES;
				GCC_WARN_UNUSED_VARIABLE = YES;
				IPHONEOS_DEPLOYMENT_TARGET = 8.4;
				MTL_ENABLE_DEBUG_INFO = YES;
				ONLY_ACTIVE_ARCH = YES;
				PROVISIONING_PROFILE = "dda02244-2abc-4493-b83b-c2f8503e5967";
				SDKROOT = iphoneos;
			};
			name = Debug;
		};
		295B35471B5DD155006B9A0F /* Release */ = {
			isa = XCBuildConfiguration;
			buildSettings = {
				ALWAYS_SEARCH_USER_PATHS = NO;
				CLANG_CXX_LANGUAGE_STANDARD = "gnu++0x";
				CLANG_CXX_LIBRARY = "libc++";
				CLANG_ENABLE_MODULES = YES;
				CLANG_ENABLE_OBJC_ARC = YES;
				CLANG_WARN_BOOL_CONVERSION = YES;
				CLANG_WARN_CONSTANT_CONVERSION = YES;
				CLANG_WARN_DIRECT_OBJC_ISA_USAGE = YES_ERROR;
				CLANG_WARN_EMPTY_BODY = YES;
				CLANG_WARN_ENUM_CONVERSION = YES;
				CLANG_WARN_INT_CONVERSION = YES;
				CLANG_WARN_OBJC_ROOT_CLASS = YES_ERROR;
				CLANG_WARN_UNREACHABLE_CODE = YES;
				CLANG_WARN__DUPLICATE_METHOD_MATCH = YES;
				CODE_SIGN_IDENTITY = "iPhone Developer: Yang Xu (8JG97H3BQR)";
				"CODE_SIGN_IDENTITY[sdk=iphoneos*]" = "iPhone Developer: Yang Xu (8JG97H3BQR)";
				COPY_PHASE_STRIP = NO;
				DEBUG_INFORMATION_FORMAT = "dwarf-with-dsym";
				ENABLE_NS_ASSERTIONS = NO;
				ENABLE_STRICT_OBJC_MSGSEND = YES;
				GCC_C_LANGUAGE_STANDARD = gnu99;
				GCC_NO_COMMON_BLOCKS = YES;
				GCC_WARN_64_TO_32_BIT_CONVERSION = YES;
				GCC_WARN_ABOUT_RETURN_TYPE = YES_ERROR;
				GCC_WARN_UNDECLARED_SELECTOR = YES;
				GCC_WARN_UNINITIALIZED_AUTOS = YES_AGGRESSIVE;
				GCC_WARN_UNUSED_FUNCTION = YES;
				GCC_WARN_UNUSED_VARIABLE = YES;
				IPHONEOS_DEPLOYMENT_TARGET = 8.4;
				MTL_ENABLE_DEBUG_INFO = NO;
				PROVISIONING_PROFILE = "dda02244-2abc-4493-b83b-c2f8503e5967";
				SDKROOT = iphoneos;
				VALIDATE_PRODUCT = YES;
			};
			name = Release;
		};
		295B35491B5DD155006B9A0F /* Debug */ = {
			isa = XCBuildConfiguration;
			buildSettings = {
				ASSETCATALOG_COMPILER_APPICON_NAME = AppIcon;
				ASSETCATALOG_COMPILER_LAUNCHIMAGE_NAME = LaunchImage;
				CODE_SIGN_IDENTITY = "iPhone Developer";
				"CODE_SIGN_IDENTITY[sdk=iphoneos*]" = "iPhone Developer: Yang Xu (8JG97H3BQR)";
				ENABLE_BITCODE = NO;
				INFOPLIST_FILE = HouseLoanCal/Info.plist;
				IPHONEOS_DEPLOYMENT_TARGET = 8.4;
				LD_RUNPATH_SEARCH_PATHS = "$(inherited) @executable_path/Frameworks";
				LIBRARY_SEARCH_PATHS = (
					"$(inherited)",
					"$(PROJECT_DIR)",
					"$(PROJECT_DIR)/UMAnalytics_Sdk_3.5.16",
					"$(PROJECT_DIR)/UMSocial_Sdk_4.2.3",
					"$(PROJECT_DIR)/Wechat",
					"$(PROJECT_DIR)/SinaSSO",
				);
				OTHER_LDFLAGS = "";
				PRODUCT_BUNDLE_IDENTIFIER = "com.xuyang.$(PRODUCT_NAME:rfc1034identifier)";
				PRODUCT_NAME = "$(TARGET_NAME)";
				PROVISIONING_PROFILE = "dda02244-2abc-4493-b83b-c2f8503e5967";
				TARGETED_DEVICE_FAMILY = 1;
			};
			name = Debug;
		};
		295B354A1B5DD155006B9A0F /* Release */ = {
			isa = XCBuildConfiguration;
			buildSettings = {
				ASSETCATALOG_COMPILER_APPICON_NAME = AppIcon;
				ASSETCATALOG_COMPILER_LAUNCHIMAGE_NAME = LaunchImage;
				CODE_SIGN_IDENTITY = "iPhone Developer";
				"CODE_SIGN_IDENTITY[sdk=iphoneos*]" = "iPhone Developer: Yang Xu (8JG97H3BQR)";
				ENABLE_BITCODE = NO;
				INFOPLIST_FILE = HouseLoanCal/Info.plist;
				IPHONEOS_DEPLOYMENT_TARGET = 8.4;
				LD_RUNPATH_SEARCH_PATHS = "$(inherited) @executable_path/Frameworks";
				LIBRARY_SEARCH_PATHS = (
					"$(inherited)",
					"$(PROJECT_DIR)",
					"$(PROJECT_DIR)/UMAnalytics_Sdk_3.5.16",
					"$(PROJECT_DIR)/UMSocial_Sdk_4.2.3",
					"$(PROJECT_DIR)/Wechat",
					"$(PROJECT_DIR)/SinaSSO",
					"$(PROJECT_DIR)/Pods/WeiboSDK/libWeiboSDK",
				);
				OTHER_LDFLAGS = "";
				PRODUCT_BUNDLE_IDENTIFIER = "com.xuyang.$(PRODUCT_NAME:rfc1034identifier)";
				PRODUCT_NAME = "$(TARGET_NAME)";
				PROVISIONING_PROFILE = "dda02244-2abc-4493-b83b-c2f8503e5967";
				TARGETED_DEVICE_FAMILY = 1;
			};
			name = Release;
		};
		295B354C1B5DD155006B9A0F /* Debug */ = {
			isa = XCBuildConfiguration;
			buildSettings = {
				BUNDLE_LOADER = "$(TEST_HOST)";
				CODE_SIGN_IDENTITY = "iPhone Developer: Yang Xu (8JG97H3BQR)";
				"CODE_SIGN_IDENTITY[sdk=iphoneos*]" = "iPhone Developer: Yang Xu (8JG97H3BQR)";
				FRAMEWORK_SEARCH_PATHS = "";
				GCC_PREPROCESSOR_DEFINITIONS = (
					"DEBUG=1",
					"$(inherited)",
				);
				INFOPLIST_FILE = HouseLoanCalTests/Info.plist;
				LD_RUNPATH_SEARCH_PATHS = "$(inherited) @executable_path/Frameworks @loader_path/Frameworks";
				LIBRARY_SEARCH_PATHS = (
					"$(inherited)",
					"$(PROJECT_DIR)/HouseLoanCalTests/SinaSSO",
				);
				PRODUCT_BUNDLE_IDENTIFIER = "com.xuyang.$(PRODUCT_NAME:rfc1034identifier)";
				PRODUCT_NAME = "$(TARGET_NAME)";
				PROVISIONING_PROFILE = "";
				TEST_HOST = "$(BUILT_PRODUCTS_DIR)/HouseLoanCal.app/HouseLoanCal";
			};
			name = Debug;
		};
		295B354D1B5DD155006B9A0F /* Release */ = {
			isa = XCBuildConfiguration;
			buildSettings = {
				BUNDLE_LOADER = "$(TEST_HOST)";
				CODE_SIGN_IDENTITY = "iPhone Developer: Yang Xu (8JG97H3BQR)";
				"CODE_SIGN_IDENTITY[sdk=iphoneos*]" = "iPhone Developer: Yang Xu (8JG97H3BQR)";
				FRAMEWORK_SEARCH_PATHS = "";
				INFOPLIST_FILE = HouseLoanCalTests/Info.plist;
				LD_RUNPATH_SEARCH_PATHS = "$(inherited) @executable_path/Frameworks @loader_path/Frameworks";
				LIBRARY_SEARCH_PATHS = (
					"$(inherited)",
					"$(PROJECT_DIR)/HouseLoanCalTests/SinaSSO",
				);
				PRODUCT_BUNDLE_IDENTIFIER = "com.xuyang.$(PRODUCT_NAME:rfc1034identifier)";
				PRODUCT_NAME = "$(TARGET_NAME)";
				PROVISIONING_PROFILE = "";
				TEST_HOST = "$(BUILT_PRODUCTS_DIR)/HouseLoanCal.app/HouseLoanCal";
			};
			name = Release;
		};
/* End XCBuildConfiguration section */

/* Begin XCConfigurationList section */
		295B35201B5DD155006B9A0F /* Build configuration list for PBXProject "HouseLoanCal" */ = {
			isa = XCConfigurationList;
			buildConfigurations = (
				295B35461B5DD155006B9A0F /* Debug */,
				295B35471B5DD155006B9A0F /* Release */,
			);
			defaultConfigurationIsVisible = 0;
			defaultConfigurationName = Release;
		};
		295B35481B5DD155006B9A0F /* Build configuration list for PBXNativeTarget "HouseLoanCal" */ = {
			isa = XCConfigurationList;
			buildConfigurations = (
				295B35491B5DD155006B9A0F /* Debug */,
				295B354A1B5DD155006B9A0F /* Release */,
			);
			defaultConfigurationIsVisible = 0;
			defaultConfigurationName = Release;
		};
		295B354B1B5DD155006B9A0F /* Build configuration list for PBXNativeTarget "HouseLoanCalTests" */ = {
			isa = XCConfigurationList;
			buildConfigurations = (
				295B354C1B5DD155006B9A0F /* Debug */,
				295B354D1B5DD155006B9A0F /* Release */,
			);
			defaultConfigurationIsVisible = 0;
			defaultConfigurationName = Release;
		};
/* End XCConfigurationList section */
	};
	rootObject = 295B351D1B5DD155006B9A0F /* Project object */;
}
